
Microsoft Visual Studio Solution File, Format Version 12.00
# Visual Studio Version 17
VisualStudioVersion = 17.2.32616.157
MinimumVisualStudioVersion = 10.0.40219.1
Project("{2150E333-8FDC-42A3-9474-1A3956D46DE8}") = "src", "src", "{A8B76501-496A-4011-9C37-8308A1EBDFA7}"
	ProjectSection(SolutionItems) = preProject
		src\create_packages.bat = src\create_packages.bat
		src\create_packages.sh = src\create_packages.sh
		src\setup.bat = src\setup.bat
		src\setup.sh = src\setup.sh
	EndProjectSection
EndProject
Project("{2150E333-8FDC-42A3-9474-1A3956D46DE8}") = "tests", "tests", "{D982BD8C-2257-413B-8513-8043AB3035F3}"
EndProject
Project("{2150E333-8FDC-42A3-9474-1A3956D46DE8}") = "demos", "demos", "{7F18EB64-C857-49C4-9380-70D3CCE6242B}"
EndProject
Project("{2150E333-8FDC-42A3-9474-1A3956D46DE8}") = "Javascript", "Javascript", "{3A860CDD-94B9-4002-BA08-87E8822DDE50}"
	ProjectSection(SolutionItems) = preProject
		src\demos\Javascript\Vision.html = src\demos\Javascript\Vision.html
	EndProjectSection
EndProject
Project("{2150E333-8FDC-42A3-9474-1A3956D46DE8}") = ".NET", ".NET", "{1912618E-7942-4BB0-BC2B-7F48A38D1049}"
EndProject
Project("{2150E333-8FDC-42A3-9474-1A3956D46DE8}") = "TestData", "TestData", "{B10B59B5-9F63-41C2-BFBB-6C7311DC4E99}"
	ProjectSection(SolutionItems) = preProject
		src\demos\TestData\Readme.txt = src\demos\TestData\Readme.txt
	EndProjectSection
EndProject
Project("{2150E333-8FDC-42A3-9474-1A3956D46DE8}") = "assets", "assets", "{CB26AB5B-DB85-4A59-A3AE-FA55A35D05B0}"
	ProjectSection(SolutionItems) = preProject
		src\demos\Javascript\assets\favicon-16x16.png = src\demos\Javascript\assets\favicon-16x16.png
		src\demos\Javascript\assets\favicon-32x32.png = src\demos\Javascript\assets\favicon-32x32.png
		src\demos\Javascript\assets\logo135-bg.gif = src\demos\Javascript\assets\logo135-bg.gif
		src\demos\Javascript\assets\logo250x135.gif = src\demos\Javascript\assets\logo250x135.gif
		src\demos\Javascript\assets\styles.css = src\demos\Javascript\assets\styles.css
	EndProjectSection
EndProject
Project("{2150E333-8FDC-42A3-9474-1A3956D46DE8}") = "Solution Items", "Solution Items", "{460DB5C8-46F3-4407-A2DF-D9063D14493A}"
	ProjectSection(SolutionItems) = preProject
		.editorconfig = .editorconfig
		LICENCE.md = LICENCE.md
		README.md = README.md
		THIRD-PARTY-NOTICES.md = THIRD-PARTY-NOTICES.md
	EndProjectSection
EndProject
Project("{2150E333-8FDC-42A3-9474-1A3956D46DE8}") = "SDK", "SDK", "{FF0C329F-41E8-4540-BCDB-97690911077D}"
EndProject
Project("{2150E333-8FDC-42A3-9474-1A3956D46DE8}") = "License plates", "License plates", "{D320EA6C-2388-41F7-A4D1-980192665A61}"
	ProjectSection(SolutionItems) = preProject
		src\demos\TestData\License plates\ABC123.PNG = src\demos\TestData\License plates\ABC123.PNG
		src\demos\TestData\License plates\BC-Licence-Plate.jpg = src\demos\TestData\License plates\BC-Licence-Plate.jpg
		src\demos\TestData\License plates\canadian-plates.jpg = src\demos\TestData\License plates\canadian-plates.jpg
		src\demos\TestData\License plates\corvette-with-plate.jpg = src\demos\TestData\License plates\corvette-with-plate.jpg
		src\demos\TestData\License plates\corvette-with-plate2.jpg = src\demos\TestData\License plates\corvette-with-plate2.jpg
		src\demos\TestData\License plates\dense-text.gif = src\demos\TestData\License plates\dense-text.gif
		src\demos\TestData\License plates\oh-canada.jpg = src\demos\TestData\License plates\oh-canada.jpg
		src\demos\TestData\License plates\rv-with-plate.jpg = src\demos\TestData\License plates\rv-with-plate.jpg
		src\demos\TestData\License plates\toyota-with-plate.jpg = src\demos\TestData\License plates\toyota-with-plate.jpg
		src\demos\TestData\License plates\your-text.jpg = src\demos\TestData\License plates\your-text.jpg
	EndProjectSection
EndProject
Project("{2150E333-8FDC-42A3-9474-1A3956D46DE8}") = "Logos", "Logos", "{C5CC1B6F-14B1-41C1-A2F3-164B37BDCC0C}"
	ProjectSection(SolutionItems) = preProject
		src\demos\TestData\Logos\fedex.jpg = src\demos\TestData\Logos\fedex.jpg
	EndProjectSection
EndProject
Project("{2150E333-8FDC-42A3-9474-1A3956D46DE8}") = "Faces", "Faces", "{49530738-22E7-4D2C-88FD-B20B68BF3A75}"
	ProjectSection(SolutionItems) = preProject
		src\demos\TestData\Faces\chris-hemsworth-1.jpg = src\demos\TestData\Faces\chris-hemsworth-1.jpg
		src\demos\TestData\Faces\chris-hemsworth-2.jpg = src\demos\TestData\Faces\chris-hemsworth-2.jpg
		src\demos\TestData\Faces\chris-hemsworth-3.jpg = src\demos\TestData\Faces\chris-hemsworth-3.jpg
		src\demos\TestData\Faces\crowd.jpg = src\demos\TestData\Faces\crowd.jpg
		src\demos\TestData\Faces\family-on-couch.jpg = src\demos\TestData\Faces\family-on-couch.jpg
		src\demos\TestData\Faces\kate-winslet-1.jpg = src\demos\TestData\Faces\kate-winslet-1.jpg
		src\demos\TestData\Faces\robert-downey-Jr-1.jpg = src\demos\TestData\Faces\robert-downey-Jr-1.jpg
		src\demos\TestData\Faces\robert-downey-Jr-2.jpg = src\demos\TestData\Faces\robert-downey-Jr-2.jpg
		src\demos\TestData\Faces\robert-downey-Jr-3.jpg = src\demos\TestData\Faces\robert-downey-Jr-3.jpg
		src\demos\TestData\Faces\sailors-all-hands-navy-military.jpg = src\demos\TestData\Faces\sailors-all-hands-navy-military.jpg
		src\demos\TestData\Faces\scarlett-johanson-1.jpg = src\demos\TestData\Faces\scarlett-johanson-1.jpg
		src\demos\TestData\Faces\scarlett-johanson-2.jpg = src\demos\TestData\Faces\scarlett-johanson-2.jpg
		src\demos\TestData\Faces\two-people-depth-of-field.jpg = src\demos\TestData\Faces\two-people-depth-of-field.jpg
		src\demos\TestData\Faces\two-people-selfie.jpg = src\demos\TestData\Faces\two-people-selfie.jpg
		src\demos\TestData\Faces\woman-low-lighting.jpg = src\demos\TestData\Faces\woman-low-lighting.jpg
		src\demos\TestData\Faces\woman-rainy-window.jpg = src\demos\TestData\Faces\woman-rainy-window.jpg
		src\demos\TestData\Faces\woman-with-flowers.jpg = src\demos\TestData\Faces\woman-with-flowers.jpg
	EndProjectSection
EndProject
Project("{2150E333-8FDC-42A3-9474-1A3956D46DE8}") = "People and Actions", "People and Actions", "{FB31D291-AB9E-43E7-B92D-DBE33F6DD65A}"
	ProjectSection(SolutionItems) = preProject
		src\demos\TestData\People and actions\couple-at-sunset.jpg = src\demos\TestData\People and actions\couple-at-sunset.jpg
		src\demos\TestData\People and actions\man-in-alley.jpg = src\demos\TestData\People and actions\man-in-alley.jpg
		src\demos\TestData\People and actions\running.jpg = src\demos\TestData\People and actions\running.jpg
		src\demos\TestData\People and actions\selfies-on-couch.jpg = src\demos\TestData\People and actions\selfies-on-couch.jpg
		src\demos\TestData\People and actions\warehouse-cam-view-blurred.jpg = src\demos\TestData\People and actions\warehouse-cam-view-blurred.jpg
		src\demos\TestData\People and actions\warehouse-security-cam-view.jpg = src\demos\TestData\People and actions\warehouse-security-cam-view.jpg
	EndProjectSection
EndProject
Project("{2150E333-8FDC-42A3-9474-1A3956D46DE8}") = "Scenes", "Scenes", "{C2EFFA0A-E8EA-4AFE-8599-FC28CB7864FB}"
	ProjectSection(SolutionItems) = preProject
		src\demos\TestData\Scenes\beach.jpg = src\demos\TestData\Scenes\beach.jpg
		src\demos\TestData\Scenes\desert.jpg = src\demos\TestData\Scenes\desert.jpg
		src\demos\TestData\Scenes\forest.jpg = src\demos\TestData\Scenes\forest.jpg
		src\demos\TestData\Scenes\glacier-lake.jpg = src\demos\TestData\Scenes\glacier-lake.jpg
		src\demos\TestData\Scenes\iceland-waterfall.jpg = src\demos\TestData\Scenes\iceland-waterfall.jpg
		src\demos\TestData\Scenes\mountains-by-sea.jpg = src\demos\TestData\Scenes\mountains-by-sea.jpg
		src\demos\TestData\Scenes\snowy-road.jpg = src\demos\TestData\Scenes\snowy-road.jpg
	EndProjectSection
EndProject
Project("{2150E333-8FDC-42A3-9474-1A3956D46DE8}") = "Objects", "Objects", "{4ED567B5-C28D-48BB-AEDC-864E2B2C7204}"
	ProjectSection(SolutionItems) = preProject
		src\demos\TestData\Objects\cat-on-wall.jpg = src\demos\TestData\Objects\cat-on-wall.jpg
		src\demos\TestData\Objects\intersection.jpg = src\demos\TestData\Objects\intersection.jpg
		src\demos\TestData\Objects\is-it-a-dog.jpg = src\demos\TestData\Objects\is-it-a-dog.jpg
		src\demos\TestData\Objects\kitchen.jpg = src\demos\TestData\Objects\kitchen.jpg
		src\demos\TestData\Objects\living-room.jpg = src\demos\TestData\Objects\living-room.jpg
		src\demos\TestData\Objects\man-at-desk.jpg = src\demos\TestData\Objects\man-at-desk.jpg
		src\demos\TestData\Objects\menagerie.jpg = src\demos\TestData\Objects\menagerie.jpg
		src\demos\TestData\Objects\office-presentation.jpg = src\demos\TestData\Objects\office-presentation.jpg
		src\demos\TestData\Objects\parrot.jpg = src\demos\TestData\Objects\parrot.jpg
		src\demos\TestData\Objects\quail.JPG = src\demos\TestData\Objects\quail.JPG
		src\demos\TestData\Objects\street-at-night.jpg = src\demos\TestData\Objects\street-at-night.jpg
		src\demos\TestData\Objects\study-group.jpg = src\demos\TestData\Objects\study-group.jpg
		src\demos\TestData\Objects\traffic.jpeg = src\demos\TestData\Objects\traffic.jpeg
		src\demos\TestData\Objects\traffic.jpg = src\demos\TestData\Objects\traffic.jpg
		src\demos\TestData\Objects\traffic2.jpg = src\demos\TestData\Objects\traffic2.jpg
	EndProjectSection
EndProject
Project("{9A19103F-16F7-4668-BE54-9A1E7A4F7556}") = "CodeProject.AI.API.Server.Backend.Tests", "tests\QueueServiceTests\CodeProject.AI.API.Server.Backend.Tests.csproj", "{031F17E0-BE84-42AF-B9FE-4F928CB03D1B}"
EndProject
Project("{2150E333-8FDC-42A3-9474-1A3956D46DE8}") = "Python", "Python", "{37533562-EC4C-4FB4-8C42-FE327D1D79BD}"
	ProjectSection(SolutionItems) = preProject
		src\demos\clients\Python\requirements.txt = src\demos\clients\Python\requirements.txt
		src\demos\clients\Python\utils.py = src\demos\clients\Python\utils.py
	EndProjectSection
EndProject
Project("{2150E333-8FDC-42A3-9474-1A3956D46DE8}") = "modules", "modules", "{1C7E0F81-1F4A-478B-80CE-4C41606DC087}"
	ProjectSection(SolutionItems) = preProject
		src\modules\readme.txt = src\modules\readme.txt
	EndProjectSection
EndProject
Project("{9A19103F-16F7-4668-BE54-9A1E7A4F7556}") = "NET", "src\SDK\NET\NET.csproj", "{F7056ECA-1C9C-4544-99CA-731C944651D6}"
EndProject
Project("{888888A0-9F3D-457C-B088-3A5042F75D52}") = "OCR", "src\modules\OCR\OCR.pyproj", "{0690D5F7-864F-4347-8E20-FA9903CE56EB}"
EndProject
Project("{888888A0-9F3D-457C-B088-3A5042F75D52}") = "Python", "src\SDK\Python\Python.pyproj", "{B6A1D372-264E-4F66-B7FB-7FF19587476E}"
EndProject
Project("{9A19103F-16F7-4668-BE54-9A1E7A4F7556}") = "PortraitFilter", "src\modules\PortraitFilter\PortraitFilter.csproj", "{9CBBD8B2-B7CD-4DA0-A476-C1E858CAE5D7}"
EndProject
Project("{9A19103F-16F7-4668-BE54-9A1E7A4F7556}") = "SentimentAnalysis", "src\modules\SentimentAnalysis\SentimentAnalysis.csproj", "{033E966B-CBFD-4C79-AC06-78203C795EA8}"
EndProject
Project("{888888A0-9F3D-457C-B088-3A5042F75D52}") = "ObjectDetectionYOLOv5-3.1", "src\modules\ObjectDetectionYOLOv5-3.1\ObjectDetectionYOLOv5-3.1.pyproj", "{0690D5F7-864F-4347-8E20-FA9903CE56EA}"
EndProject
Project("{2150E333-8FDC-42A3-9474-1A3956D46DE8}") = "Scripts", "Scripts", "{95BF276E-3D5E-4CB2-9FEB-A77AF0C2728C}"
	ProjectSection(SolutionItems) = preProject
		src\SDK\Scripts\dotnet-install-arm.sh = src\SDK\Scripts\dotnet-install-arm.sh
		src\SDK\Scripts\dotnet-install.ps1 = src\SDK\Scripts\dotnet-install.ps1
		src\SDK\Scripts\dotnet-install.sh = src\SDK\Scripts\dotnet-install.sh
		src\SDK\Scripts\install_CUDnn.bat = src\SDK\Scripts\install_CUDnn.bat
		src\SDK\Scripts\utils.bat = src\SDK\Scripts\utils.bat
		src\SDK\Scripts\utils.sh = src\SDK\Scripts\utils.sh
	EndProjectSection
EndProject
Project("{888888A0-9F3D-457C-B088-3A5042F75D52}") = "BackgroundRemover", "src\modules\BackgroundRemover\BackgroundRemover.pyproj", "{470D3417-36A4-49A4-B719-496466FA92FC}"
EndProject
Project("{888888A0-9F3D-457C-B088-3A5042F75D52}") = "Cartooniser", "src\modules\Cartooniser\Cartooniser.pyproj", "{470D3417-36A4-49A4-B719-496466FA92FE}"
EndProject
Project("{888888A0-9F3D-457C-B088-3A5042F75D52}") = "FaceProcessing", "src\modules\FaceProcessing\intelligencelayer\FaceProcessing.pyproj", "{E5D27495-EE4F-4AAF-8749-A6BA848111E2}"
EndProject
Project("{888888A0-9F3D-457C-B088-3A5042F75D52}") = "ObjectDetectionCoral", "src\modules\ObjectDetectionCoral\ObjectDetectionCoral.pyproj", "{470D3417-36A4-49A4-B719-496477FA92FB}"
EndProject
Project("{9A19103F-16F7-4668-BE54-9A1E7A4F7556}") = "ObjectDetectionYOLOv5Net", "src\modules\ObjectDetectionYOLOv5Net\ObjectDetectionYOLOv5Net.csproj", "{F682C5F9-854F-4B4E-A7DE-33329F51A26B}"
EndProject
Project("{888888A0-9F3D-457C-B088-3A5042F75D52}") = "ObjectDetectionYOLOv5-6.2", "src\modules\ObjectDetectionYOLOv5-6.2\ObjectDetectionYOLOv5-6.2.pyproj", "{B6A1D372-264E-4F66-B7FB-7FF19587476F}"
EndProject
Project("{888888A0-9F3D-457C-B088-3A5042F75D52}") = "ObjectDetectionYOLOv8", "src\modules\ObjectDetectionYOLOv8\ObjectDetectionYOLOv8.pyproj", "{B6A1D372-264E-4F66-B7FB-7FF19587476A}"
EndProject
Project("{888888A0-9F3D-457C-B088-3A5042F75D52}") = "SceneClassifier", "src\modules\SceneClassifier\SceneClassifier.pyproj", "{08A2DD62-D65A-47A8-AB9D-55D18DBC74D6}"
EndProject
Project("{888888A0-9F3D-457C-B088-3A5042F75D52}") = "SuperResolution", "src\modules\SuperResolution\SuperResolution.pyproj", "{A472B309-3C77-4DE5-8F03-AA81938EEFB4}"
EndProject
Project("{888888A0-9F3D-457C-B088-3A5042F75D52}") = "TextSummary", "src\modules\TextSummary\TextSummary.pyproj", "{470D3417-36A4-49A4-B719-496466FA92FB}"
EndProject
Project("{888888A0-9F3D-457C-B088-3A5042F75D52}") = "TrainingObjectDetectionYOLOv5", "src\modules\TrainingObjectDetectionYOLOv5\TrainingObjectDetectionYOLOv5.pyproj", "{2DFDA382-189B-45D1-94D5-3004D1AEB73C}"
EndProject
Project("{9A19103F-16F7-4668-BE54-9A1E7A4F7556}") = "Server", "src\server\Server.csproj", "{BFB8AD18-8C6E-4B25-B4AA-1AAB90ADA843}"
EndProject
Project("{2150E333-8FDC-42A3-9474-1A3956D46DE8}") = ",vscode", ",vscode", "{CA30C07F-53CC-43F7-B1C9-4E9506E53736}"
	ProjectSection(SolutionItems) = preProject
		.vscode\launch.docker.json = .vscode\launch.docker.json
		.vscode\launch.json = .vscode\launch.json
		.vscode\ReadMe.txt = .vscode\ReadMe.txt
		.vscode\settings.json = .vscode\settings.json
		.vscode\tasks.docker.json = .vscode\tasks.docker.json
		.vscode\tasks.json = .vscode\tasks.json
	EndProjectSection
EndProject
Project("{2150E333-8FDC-42A3-9474-1A3956D46DE8}") = "docker-compose", "docker-compose", "{2A2CB97D-0086-4891-AFA1-198F414E3562}"
	ProjectSection(SolutionItems) = preProject
		docker-compose\docker-compose-cpu.yml = docker-compose\docker-compose-cpu.yml
		docker-compose\docker-compose-cuda-10.2.yml = docker-compose\docker-compose-cuda-10.2.yml
		docker-compose\docker-compose-cuda-11.7.yml = docker-compose\docker-compose-cuda-11.7.yml
		docker-compose\docker-compose-cuda-12.2.yml = docker-compose\docker-compose-cuda-12.2.yml
		docker-compose\docker-compose-gpu.yml = docker-compose\docker-compose-gpu.yml
		docker-compose\docker-compose-rpi.yml = docker-compose\docker-compose-rpi.yml
	EndProjectSection
EndProject
Project("{888888A0-9F3D-457C-B088-3A5042F75D52}") = "ALPR-RKNN", "src\modules\ALPR-RKNN\ALPR-RKNN.pyproj", "{6AE28B59-221B-4E3D-A66C-E255B26DAF82}"
EndProject
Project("{2150E333-8FDC-42A3-9474-1A3956D46DE8}") = "Utilities", "Utilities", "{A04CA21C-39DF-4466-B48B-A08AA0A262BD}"
	ProjectSection(SolutionItems) = preProject
		src\SDK\Utilities\clean.bat = src\SDK\Utilities\clean.bat
		src\SDK\Utilities\clean.sh = src\SDK\Utilities\clean.sh
		src\SDK\Utilities\Cleanup-InstalledApp.ps1 = src\SDK\Utilities\Cleanup-InstalledApp.ps1
		src\SDK\Utilities\endtimer.bat = src\SDK\Utilities\endtimer.bat
		src\SDK\Utilities\fix_localhost_issue_wsl.sh = src\SDK\Utilities\fix_localhost_issue_wsl.sh
		src\SDK\Utilities\HardStop.ps1 = src\SDK\Utilities\HardStop.ps1
		src\SDK\Utilities\hardware_info.vbs = src\SDK\Utilities\hardware_info.vbs
		src\SDK\Utilities\Setup-WSL.bat = src\SDK\Utilities\Setup-WSL.bat
		src\SDK\Utilities\Setup-WSL.ps1 = src\SDK\Utilities\Setup-WSL.ps1
		src\SDK\Utilities\starttimer.bat = src\SDK\Utilities\starttimer.bat
		src\SDK\Utilities\stop_all.bat = src\SDK\Utilities\stop_all.bat
		src\SDK\Utilities\stop_all.sh = src\SDK\Utilities\stop_all.sh
	EndProjectSection
EndProject
Project("{9A19103F-16F7-4668-BE54-9A1E7A4F7556}") = "ParseJSON", "src\SDK\Utilities\ParseJSON\ParseJSON.csproj", "{AF84AA51-8718-40EC-B5D7-281799A7B07C}"
EndProject
Project("{888888A0-9F3D-457C-B088-3A5042F75D52}") = "Llama", "src\modules\LlamaChat\Llama.pyproj", "{D56CA115-830A-4007-BB9B-BF0FC72DA9B0}"
EndProject
Project("{888888A0-9F3D-457C-B088-3A5042F75D52}") = "SoundClassifierTF", "src\modules\SoundClassifierTF\SoundClassifierTF.pyproj", "{470D3417-36A4-49A4-B719-486477FA92FB}"
EndProject
Project("{888888A0-9F3D-457C-B088-3A5042F75D52}") = "Text2Image", "src\modules\Text2Image\Text2Image.pyproj", "{2022ED32-14C4-4CA6-AAC3-D58D724805ED}"
EndProject
Project("{2150E333-8FDC-42A3-9474-1A3956D46DE8}") = "clients", "clients", "{5FBE5A09-30BA-4697-8069-443BE5294424}"
	ProjectSection(SolutionItems) = preProject
		src\demos\clients\install.bat = src\demos\clients\install.bat
		src\demos\clients\install.sh = src\demos\clients\install.sh
	EndProjectSection
EndProject
Project("{2150E333-8FDC-42A3-9474-1A3956D46DE8}") = "modules", "modules", "{7FA847EE-CB4B-4C79-A774-4FFDB7313638}"
EndProject
Project("{9A19103F-16F7-4668-BE54-9A1E7A4F7556}") = "DotNetLongProcess", "src\demos\modules\DotNetLongProcess\DotNetLongProcess.csproj", "{7CC816B7-8559-461D-A5E6-5CE1B6DCA9BC}"
EndProject
Project("{9A19103F-16F7-4668-BE54-9A1E7A4F7556}") = "DotNetSimple", "src\demos\modules\DotNetSimple\DotNetSimple.csproj", "{6329F2A4-CB21-42A2-B8EF-205A465D9377}"
EndProject
Project("{888888A0-9F3D-457C-B088-3A5042F75D52}") = "PythonSimple", "src\demos\modules\PythonSimple\PythonSimple.pyproj", "{6AE28B59-221B-4E3D-A66C-E255B26DAC92}"
EndProject
Project("{9A19103F-16F7-4668-BE54-9A1E7A4F7556}") = "CodeProject.AI.Explorer", "src\demos\clients\dotNet\CodeProject.AI.Explorer\CodeProject.AI.Explorer.csproj", "{1DB03AEC-8318-4F36-9A4B-FCC5BE00A029}"
EndProject
Project("{888888A0-9F3D-457C-B088-3A5042F75D52}") = "Face", "src\demos\clients\Python\Face\Face.pyproj", "{C2500118-FD99-49EF-B726-3E2A3B30A717}"
EndProject
Project("{888888A0-9F3D-457C-B088-3A5042F75D52}") = "ObjectDetect", "src\demos\clients\Python\ObjectDetect\ObjectDetect.pyproj", "{25750BF1-1502-4F65-8D69-CEA8C87D6446}"
EndProject
Project("{9A19103F-16F7-4668-BE54-9A1E7A4F7556}") = "CodeProject.AI.SDK.Tests", "tests\CodeProject.AI.SDK.Tests\CodeProject.AI.SDK.Tests.csproj", "{534DE25D-0CDB-40FA-9FA5-915947FFC948}"
EndProject
Global
	GlobalSection(SolutionConfigurationPlatforms) = preSolution
		Debug|Any CPU = Debug|Any CPU
		Debug|ARM64 = Debug|ARM64
		Debug|x86 = Debug|x86
		Release|Any CPU = Release|Any CPU
		Release|ARM64 = Release|ARM64
		Release|x86 = Release|x86
	EndGlobalSection
	GlobalSection(ProjectConfigurationPlatforms) = postSolution
		{031F17E0-BE84-42AF-B9FE-4F928CB03D1B}.Debug|Any CPU.ActiveCfg = Debug|Any CPU
		{031F17E0-BE84-42AF-B9FE-4F928CB03D1B}.Debug|Any CPU.Build.0 = Debug|Any CPU
		{031F17E0-BE84-42AF-B9FE-4F928CB03D1B}.Debug|ARM64.ActiveCfg = Debug|ARM64
		{031F17E0-BE84-42AF-B9FE-4F928CB03D1B}.Debug|ARM64.Build.0 = Debug|ARM64
		{031F17E0-BE84-42AF-B9FE-4F928CB03D1B}.Debug|x86.ActiveCfg = Debug|Any CPU
		{031F17E0-BE84-42AF-B9FE-4F928CB03D1B}.Debug|x86.Build.0 = Debug|Any CPU
		{031F17E0-BE84-42AF-B9FE-4F928CB03D1B}.Release|Any CPU.ActiveCfg = Release|Any CPU
		{031F17E0-BE84-42AF-B9FE-4F928CB03D1B}.Release|Any CPU.Build.0 = Release|Any CPU
		{031F17E0-BE84-42AF-B9FE-4F928CB03D1B}.Release|ARM64.ActiveCfg = Release|ARM64
		{031F17E0-BE84-42AF-B9FE-4F928CB03D1B}.Release|ARM64.Build.0 = Release|ARM64
		{031F17E0-BE84-42AF-B9FE-4F928CB03D1B}.Release|x86.ActiveCfg = Release|Any CPU
		{031F17E0-BE84-42AF-B9FE-4F928CB03D1B}.Release|x86.Build.0 = Release|Any CPU
		{F7056ECA-1C9C-4544-99CA-731C944651D6}.Debug|Any CPU.ActiveCfg = Debug|Any CPU
		{F7056ECA-1C9C-4544-99CA-731C944651D6}.Debug|Any CPU.Build.0 = Debug|Any CPU
		{F7056ECA-1C9C-4544-99CA-731C944651D6}.Debug|ARM64.ActiveCfg = Debug|Any CPU
		{F7056ECA-1C9C-4544-99CA-731C944651D6}.Debug|ARM64.Build.0 = Debug|Any CPU
		{F7056ECA-1C9C-4544-99CA-731C944651D6}.Debug|x86.ActiveCfg = Debug|Any CPU
		{F7056ECA-1C9C-4544-99CA-731C944651D6}.Debug|x86.Build.0 = Debug|Any CPU
		{F7056ECA-1C9C-4544-99CA-731C944651D6}.Release|Any CPU.ActiveCfg = Release|Any CPU
		{F7056ECA-1C9C-4544-99CA-731C944651D6}.Release|Any CPU.Build.0 = Release|Any CPU
		{F7056ECA-1C9C-4544-99CA-731C944651D6}.Release|ARM64.ActiveCfg = Release|Any CPU
		{F7056ECA-1C9C-4544-99CA-731C944651D6}.Release|ARM64.Build.0 = Release|Any CPU
		{F7056ECA-1C9C-4544-99CA-731C944651D6}.Release|x86.ActiveCfg = Release|Any CPU
		{F7056ECA-1C9C-4544-99CA-731C944651D6}.Release|x86.Build.0 = Release|Any CPU
		{0690D5F7-864F-4347-8E20-FA9903CE56EB}.Debug|Any CPU.ActiveCfg = Debug|Any CPU
		{0690D5F7-864F-4347-8E20-FA9903CE56EB}.Debug|ARM64.ActiveCfg = Debug|Any CPU
		{0690D5F7-864F-4347-8E20-FA9903CE56EB}.Debug|x86.ActiveCfg = Debug|Any CPU
		{0690D5F7-864F-4347-8E20-FA9903CE56EB}.Release|Any CPU.ActiveCfg = Release|Any CPU
		{0690D5F7-864F-4347-8E20-FA9903CE56EB}.Release|ARM64.ActiveCfg = Release|Any CPU
		{0690D5F7-864F-4347-8E20-FA9903CE56EB}.Release|x86.ActiveCfg = Release|Any CPU
		{B6A1D372-264E-4F66-B7FB-7FF19587476E}.Debug|Any CPU.ActiveCfg = Release|Any CPU
		{B6A1D372-264E-4F66-B7FB-7FF19587476E}.Debug|ARM64.ActiveCfg = Release|Any CPU
		{B6A1D372-264E-4F66-B7FB-7FF19587476E}.Debug|x86.ActiveCfg = Release|Any CPU
		{B6A1D372-264E-4F66-B7FB-7FF19587476E}.Release|Any CPU.ActiveCfg = Release|Any CPU
		{B6A1D372-264E-4F66-B7FB-7FF19587476E}.Release|ARM64.ActiveCfg = Release|Any CPU
		{B6A1D372-264E-4F66-B7FB-7FF19587476E}.Release|x86.ActiveCfg = Release|Any CPU
		{9CBBD8B2-B7CD-4DA0-A476-C1E858CAE5D7}.Debug|Any CPU.ActiveCfg = Debug|Any CPU
		{9CBBD8B2-B7CD-4DA0-A476-C1E858CAE5D7}.Debug|Any CPU.Build.0 = Debug|Any CPU
		{9CBBD8B2-B7CD-4DA0-A476-C1E858CAE5D7}.Debug|ARM64.ActiveCfg = Debug|Any CPU
		{9CBBD8B2-B7CD-4DA0-A476-C1E858CAE5D7}.Debug|ARM64.Build.0 = Debug|Any CPU
		{9CBBD8B2-B7CD-4DA0-A476-C1E858CAE5D7}.Debug|x86.ActiveCfg = Debug|Any CPU
		{9CBBD8B2-B7CD-4DA0-A476-C1E858CAE5D7}.Debug|x86.Build.0 = Debug|Any CPU
		{9CBBD8B2-B7CD-4DA0-A476-C1E858CAE5D7}.Release|Any CPU.ActiveCfg = Release|Any CPU
		{9CBBD8B2-B7CD-4DA0-A476-C1E858CAE5D7}.Release|Any CPU.Build.0 = Release|Any CPU
		{9CBBD8B2-B7CD-4DA0-A476-C1E858CAE5D7}.Release|ARM64.ActiveCfg = Release|Any CPU
		{9CBBD8B2-B7CD-4DA0-A476-C1E858CAE5D7}.Release|ARM64.Build.0 = Release|Any CPU
		{9CBBD8B2-B7CD-4DA0-A476-C1E858CAE5D7}.Release|x86.ActiveCfg = Release|Any CPU
		{9CBBD8B2-B7CD-4DA0-A476-C1E858CAE5D7}.Release|x86.Build.0 = Release|Any CPU
		{033E966B-CBFD-4C79-AC06-78203C795EA8}.Debug|Any CPU.ActiveCfg = Debug|Any CPU
		{033E966B-CBFD-4C79-AC06-78203C795EA8}.Debug|Any CPU.Build.0 = Debug|Any CPU
		{033E966B-CBFD-4C79-AC06-78203C795EA8}.Debug|ARM64.ActiveCfg = Debug|Any CPU
		{033E966B-CBFD-4C79-AC06-78203C795EA8}.Debug|ARM64.Build.0 = Debug|Any CPU
		{033E966B-CBFD-4C79-AC06-78203C795EA8}.Debug|x86.ActiveCfg = Debug|Any CPU
		{033E966B-CBFD-4C79-AC06-78203C795EA8}.Debug|x86.Build.0 = Debug|Any CPU
		{033E966B-CBFD-4C79-AC06-78203C795EA8}.Release|Any CPU.ActiveCfg = Release|Any CPU
		{033E966B-CBFD-4C79-AC06-78203C795EA8}.Release|Any CPU.Build.0 = Release|Any CPU
		{033E966B-CBFD-4C79-AC06-78203C795EA8}.Release|ARM64.ActiveCfg = Release|Any CPU
		{033E966B-CBFD-4C79-AC06-78203C795EA8}.Release|ARM64.Build.0 = Release|Any CPU
		{033E966B-CBFD-4C79-AC06-78203C795EA8}.Release|x86.ActiveCfg = Release|Any CPU
		{033E966B-CBFD-4C79-AC06-78203C795EA8}.Release|x86.Build.0 = Release|Any CPU
		{0690D5F7-864F-4347-8E20-FA9903CE56EA}.Debug|Any CPU.ActiveCfg = Debug|Any CPU
		{0690D5F7-864F-4347-8E20-FA9903CE56EA}.Debug|ARM64.ActiveCfg = Debug|Any CPU
		{0690D5F7-864F-4347-8E20-FA9903CE56EA}.Debug|x86.ActiveCfg = Debug|Any CPU
		{0690D5F7-864F-4347-8E20-FA9903CE56EA}.Release|Any CPU.ActiveCfg = Release|Any CPU
		{0690D5F7-864F-4347-8E20-FA9903CE56EA}.Release|ARM64.ActiveCfg = Release|Any CPU
		{0690D5F7-864F-4347-8E20-FA9903CE56EA}.Release|x86.ActiveCfg = Release|Any CPU
		{470D3417-36A4-49A4-B719-496466FA92FC}.Debug|Any CPU.ActiveCfg = Debug|Any CPU
		{470D3417-36A4-49A4-B719-496466FA92FC}.Debug|ARM64.ActiveCfg = Debug|Any CPU
		{470D3417-36A4-49A4-B719-496466FA92FC}.Debug|x86.ActiveCfg = Debug|Any CPU
		{470D3417-36A4-49A4-B719-496466FA92FC}.Release|Any CPU.ActiveCfg = Release|Any CPU
		{470D3417-36A4-49A4-B719-496466FA92FC}.Release|ARM64.ActiveCfg = Release|Any CPU
		{470D3417-36A4-49A4-B719-496466FA92FC}.Release|x86.ActiveCfg = Release|Any CPU
		{470D3417-36A4-49A4-B719-496466FA92FE}.Debug|Any CPU.ActiveCfg = Debug|Any CPU
		{470D3417-36A4-49A4-B719-496466FA92FE}.Debug|ARM64.ActiveCfg = Debug|Any CPU
		{470D3417-36A4-49A4-B719-496466FA92FE}.Debug|x86.ActiveCfg = Debug|Any CPU
		{470D3417-36A4-49A4-B719-496466FA92FE}.Release|Any CPU.ActiveCfg = Release|Any CPU
		{470D3417-36A4-49A4-B719-496466FA92FE}.Release|ARM64.ActiveCfg = Release|Any CPU
		{470D3417-36A4-49A4-B719-496466FA92FE}.Release|x86.ActiveCfg = Release|Any CPU
		{E5D27495-EE4F-4AAF-8749-A6BA848111E2}.Debug|Any CPU.ActiveCfg = Debug|Any CPU
		{E5D27495-EE4F-4AAF-8749-A6BA848111E2}.Debug|ARM64.ActiveCfg = Debug|Any CPU
		{E5D27495-EE4F-4AAF-8749-A6BA848111E2}.Debug|x86.ActiveCfg = Debug|Any CPU
		{E5D27495-EE4F-4AAF-8749-A6BA848111E2}.Release|Any CPU.ActiveCfg = Release|Any CPU
		{E5D27495-EE4F-4AAF-8749-A6BA848111E2}.Release|ARM64.ActiveCfg = Release|Any CPU
		{E5D27495-EE4F-4AAF-8749-A6BA848111E2}.Release|x86.ActiveCfg = Release|Any CPU
		{470D3417-36A4-49A4-B719-496477FA92FB}.Debug|Any CPU.ActiveCfg = Debug|Any CPU
		{470D3417-36A4-49A4-B719-496477FA92FB}.Debug|ARM64.ActiveCfg = Debug|Any CPU
		{470D3417-36A4-49A4-B719-496477FA92FB}.Debug|x86.ActiveCfg = Debug|Any CPU
		{470D3417-36A4-49A4-B719-496477FA92FB}.Release|Any CPU.ActiveCfg = Release|Any CPU
		{470D3417-36A4-49A4-B719-496477FA92FB}.Release|ARM64.ActiveCfg = Release|Any CPU
		{470D3417-36A4-49A4-B719-496477FA92FB}.Release|x86.ActiveCfg = Release|Any CPU
		{F682C5F9-854F-4B4E-A7DE-33329F51A26B}.Debug|Any CPU.ActiveCfg = Debug|Any CPU
		{F682C5F9-854F-4B4E-A7DE-33329F51A26B}.Debug|Any CPU.Build.0 = Debug|Any CPU
		{F682C5F9-854F-4B4E-A7DE-33329F51A26B}.Debug|ARM64.ActiveCfg = Debug|Any CPU
		{F682C5F9-854F-4B4E-A7DE-33329F51A26B}.Debug|ARM64.Build.0 = Debug|Any CPU
		{F682C5F9-854F-4B4E-A7DE-33329F51A26B}.Debug|x86.ActiveCfg = Debug|Any CPU
		{F682C5F9-854F-4B4E-A7DE-33329F51A26B}.Debug|x86.Build.0 = Debug|Any CPU
		{F682C5F9-854F-4B4E-A7DE-33329F51A26B}.Release|Any CPU.ActiveCfg = Release|Any CPU
		{F682C5F9-854F-4B4E-A7DE-33329F51A26B}.Release|Any CPU.Build.0 = Release|Any CPU
		{F682C5F9-854F-4B4E-A7DE-33329F51A26B}.Release|ARM64.ActiveCfg = Release|Any CPU
		{F682C5F9-854F-4B4E-A7DE-33329F51A26B}.Release|ARM64.Build.0 = Release|Any CPU
		{F682C5F9-854F-4B4E-A7DE-33329F51A26B}.Release|x86.ActiveCfg = Release|Any CPU
		{F682C5F9-854F-4B4E-A7DE-33329F51A26B}.Release|x86.Build.0 = Release|Any CPU
		{B6A1D372-264E-4F66-B7FB-7FF19587476F}.Debug|Any CPU.ActiveCfg = Debug|Any CPU
		{B6A1D372-264E-4F66-B7FB-7FF19587476F}.Debug|ARM64.ActiveCfg = Debug|Any CPU
		{B6A1D372-264E-4F66-B7FB-7FF19587476F}.Debug|x86.ActiveCfg = Debug|Any CPU
		{B6A1D372-264E-4F66-B7FB-7FF19587476F}.Release|Any CPU.ActiveCfg = Release|Any CPU
		{B6A1D372-264E-4F66-B7FB-7FF19587476F}.Release|ARM64.ActiveCfg = Release|Any CPU
		{B6A1D372-264E-4F66-B7FB-7FF19587476F}.Release|x86.ActiveCfg = Release|Any CPU
		{B6A1D372-264E-4F66-B7FB-7FF19587476A}.Debug|Any CPU.ActiveCfg = Debug|Any CPU
		{B6A1D372-264E-4F66-B7FB-7FF19587476A}.Debug|ARM64.ActiveCfg = Debug|Any CPU
		{B6A1D372-264E-4F66-B7FB-7FF19587476A}.Debug|x86.ActiveCfg = Debug|Any CPU
		{B6A1D372-264E-4F66-B7FB-7FF19587476A}.Release|Any CPU.ActiveCfg = Release|Any CPU
		{B6A1D372-264E-4F66-B7FB-7FF19587476A}.Release|ARM64.ActiveCfg = Release|Any CPU
		{B6A1D372-264E-4F66-B7FB-7FF19587476A}.Release|x86.ActiveCfg = Release|Any CPU
		{08A2DD62-D65A-47A8-AB9D-55D18DBC74D6}.Debug|Any CPU.ActiveCfg = Debug|Any CPU
		{08A2DD62-D65A-47A8-AB9D-55D18DBC74D6}.Debug|ARM64.ActiveCfg = Debug|Any CPU
		{08A2DD62-D65A-47A8-AB9D-55D18DBC74D6}.Debug|x86.ActiveCfg = Debug|Any CPU
		{08A2DD62-D65A-47A8-AB9D-55D18DBC74D6}.Release|Any CPU.ActiveCfg = Release|Any CPU
		{08A2DD62-D65A-47A8-AB9D-55D18DBC74D6}.Release|ARM64.ActiveCfg = Release|Any CPU
		{08A2DD62-D65A-47A8-AB9D-55D18DBC74D6}.Release|x86.ActiveCfg = Release|Any CPU
		{A472B309-3C77-4DE5-8F03-AA81938EEFB4}.Debug|Any CPU.ActiveCfg = Debug|Any CPU
		{A472B309-3C77-4DE5-8F03-AA81938EEFB4}.Debug|ARM64.ActiveCfg = Debug|Any CPU
		{A472B309-3C77-4DE5-8F03-AA81938EEFB4}.Debug|x86.ActiveCfg = Debug|Any CPU
		{A472B309-3C77-4DE5-8F03-AA81938EEFB4}.Release|Any CPU.ActiveCfg = Release|Any CPU
		{A472B309-3C77-4DE5-8F03-AA81938EEFB4}.Release|ARM64.ActiveCfg = Release|Any CPU
		{A472B309-3C77-4DE5-8F03-AA81938EEFB4}.Release|x86.ActiveCfg = Release|Any CPU
		{470D3417-36A4-49A4-B719-496466FA92FB}.Debug|Any CPU.ActiveCfg = Debug|Any CPU
		{470D3417-36A4-49A4-B719-496466FA92FB}.Debug|ARM64.ActiveCfg = Debug|Any CPU
		{470D3417-36A4-49A4-B719-496466FA92FB}.Debug|x86.ActiveCfg = Debug|Any CPU
		{470D3417-36A4-49A4-B719-496466FA92FB}.Release|Any CPU.ActiveCfg = Release|Any CPU
		{470D3417-36A4-49A4-B719-496466FA92FB}.Release|ARM64.ActiveCfg = Release|Any CPU
		{470D3417-36A4-49A4-B719-496466FA92FB}.Release|x86.ActiveCfg = Release|Any CPU
		{2DFDA382-189B-45D1-94D5-3004D1AEB73C}.Debug|Any CPU.ActiveCfg = Debug|Any CPU
		{2DFDA382-189B-45D1-94D5-3004D1AEB73C}.Debug|ARM64.ActiveCfg = Debug|Any CPU
		{2DFDA382-189B-45D1-94D5-3004D1AEB73C}.Debug|x86.ActiveCfg = Debug|Any CPU
		{2DFDA382-189B-45D1-94D5-3004D1AEB73C}.Release|Any CPU.ActiveCfg = Release|Any CPU
		{2DFDA382-189B-45D1-94D5-3004D1AEB73C}.Release|ARM64.ActiveCfg = Release|Any CPU
		{2DFDA382-189B-45D1-94D5-3004D1AEB73C}.Release|x86.ActiveCfg = Release|Any CPU
		{BFB8AD18-8C6E-4B25-B4AA-1AAB90ADA843}.Debug|Any CPU.ActiveCfg = Debug|Any CPU
		{BFB8AD18-8C6E-4B25-B4AA-1AAB90ADA843}.Debug|Any CPU.Build.0 = Debug|Any CPU
		{BFB8AD18-8C6E-4B25-B4AA-1AAB90ADA843}.Debug|ARM64.ActiveCfg = Debug|Any CPU
		{BFB8AD18-8C6E-4B25-B4AA-1AAB90ADA843}.Debug|ARM64.Build.0 = Debug|Any CPU
		{BFB8AD18-8C6E-4B25-B4AA-1AAB90ADA843}.Debug|x86.ActiveCfg = Debug|Any CPU
		{BFB8AD18-8C6E-4B25-B4AA-1AAB90ADA843}.Debug|x86.Build.0 = Debug|Any CPU
		{BFB8AD18-8C6E-4B25-B4AA-1AAB90ADA843}.Release|Any CPU.ActiveCfg = Release|Any CPU
		{BFB8AD18-8C6E-4B25-B4AA-1AAB90ADA843}.Release|Any CPU.Build.0 = Release|Any CPU
		{BFB8AD18-8C6E-4B25-B4AA-1AAB90ADA843}.Release|ARM64.ActiveCfg = Release|Any CPU
		{BFB8AD18-8C6E-4B25-B4AA-1AAB90ADA843}.Release|ARM64.Build.0 = Release|Any CPU
		{BFB8AD18-8C6E-4B25-B4AA-1AAB90ADA843}.Release|x86.ActiveCfg = Release|Any CPU
		{BFB8AD18-8C6E-4B25-B4AA-1AAB90ADA843}.Release|x86.Build.0 = Release|Any CPU
		{6AE28B59-221B-4E3D-A66C-E255B26DAF82}.Debug|Any CPU.ActiveCfg = Debug|Any CPU
		{6AE28B59-221B-4E3D-A66C-E255B26DAF82}.Debug|ARM64.ActiveCfg = Debug|Any CPU
		{6AE28B59-221B-4E3D-A66C-E255B26DAF82}.Debug|x86.ActiveCfg = Debug|Any CPU
		{6AE28B59-221B-4E3D-A66C-E255B26DAF82}.Release|Any CPU.ActiveCfg = Release|Any CPU
		{6AE28B59-221B-4E3D-A66C-E255B26DAF82}.Release|ARM64.ActiveCfg = Release|Any CPU
		{6AE28B59-221B-4E3D-A66C-E255B26DAF82}.Release|x86.ActiveCfg = Release|Any CPU
		{AF84AA51-8718-40EC-B5D7-281799A7B07C}.Debug|Any CPU.ActiveCfg = Debug|Any CPU
		{AF84AA51-8718-40EC-B5D7-281799A7B07C}.Debug|Any CPU.Build.0 = Debug|Any CPU
		{AF84AA51-8718-40EC-B5D7-281799A7B07C}.Debug|ARM64.ActiveCfg = Debug|Any CPU
		{AF84AA51-8718-40EC-B5D7-281799A7B07C}.Debug|ARM64.Build.0 = Debug|Any CPU
		{AF84AA51-8718-40EC-B5D7-281799A7B07C}.Debug|x86.ActiveCfg = Debug|Any CPU
		{AF84AA51-8718-40EC-B5D7-281799A7B07C}.Debug|x86.Build.0 = Debug|Any CPU
		{AF84AA51-8718-40EC-B5D7-281799A7B07C}.Release|Any CPU.ActiveCfg = Release|Any CPU
		{AF84AA51-8718-40EC-B5D7-281799A7B07C}.Release|Any CPU.Build.0 = Release|Any CPU
		{AF84AA51-8718-40EC-B5D7-281799A7B07C}.Release|ARM64.ActiveCfg = Release|Any CPU
		{AF84AA51-8718-40EC-B5D7-281799A7B07C}.Release|ARM64.Build.0 = Release|Any CPU
		{AF84AA51-8718-40EC-B5D7-281799A7B07C}.Release|x86.ActiveCfg = Release|Any CPU
		{AF84AA51-8718-40EC-B5D7-281799A7B07C}.Release|x86.Build.0 = Release|Any CPU
		{D56CA115-830A-4007-BB9B-BF0FC72DA9B0}.Debug|Any CPU.ActiveCfg = Debug|Any CPU
		{D56CA115-830A-4007-BB9B-BF0FC72DA9B0}.Debug|ARM64.ActiveCfg = Debug|Any CPU
		{D56CA115-830A-4007-BB9B-BF0FC72DA9B0}.Debug|x86.ActiveCfg = Debug|Any CPU
		{D56CA115-830A-4007-BB9B-BF0FC72DA9B0}.Release|Any CPU.ActiveCfg = Release|Any CPU
		{D56CA115-830A-4007-BB9B-BF0FC72DA9B0}.Release|ARM64.ActiveCfg = Release|Any CPU
		{D56CA115-830A-4007-BB9B-BF0FC72DA9B0}.Release|x86.ActiveCfg = Release|Any CPU
		{470D3417-36A4-49A4-B719-486477FA92FB}.Debug|Any CPU.ActiveCfg = Debug|Any CPU
		{470D3417-36A4-49A4-B719-486477FA92FB}.Debug|ARM64.ActiveCfg = Debug|Any CPU
		{470D3417-36A4-49A4-B719-486477FA92FB}.Debug|x86.ActiveCfg = Debug|Any CPU
		{470D3417-36A4-49A4-B719-486477FA92FB}.Release|Any CPU.ActiveCfg = Release|Any CPU
		{470D3417-36A4-49A4-B719-486477FA92FB}.Release|ARM64.ActiveCfg = Release|Any CPU
		{470D3417-36A4-49A4-B719-486477FA92FB}.Release|x86.ActiveCfg = Release|Any CPU
		{2022ED32-14C4-4CA6-AAC3-D58D724805ED}.Debug|Any CPU.ActiveCfg = Debug|Any CPU
		{2022ED32-14C4-4CA6-AAC3-D58D724805ED}.Debug|ARM64.ActiveCfg = Debug|Any CPU
		{2022ED32-14C4-4CA6-AAC3-D58D724805ED}.Debug|x86.ActiveCfg = Debug|Any CPU
		{2022ED32-14C4-4CA6-AAC3-D58D724805ED}.Release|Any CPU.ActiveCfg = Release|Any CPU
		{2022ED32-14C4-4CA6-AAC3-D58D724805ED}.Release|ARM64.ActiveCfg = Release|Any CPU
		{2022ED32-14C4-4CA6-AAC3-D58D724805ED}.Release|x86.ActiveCfg = Release|Any CPU
		{7CC816B7-8559-461D-A5E6-5CE1B6DCA9BC}.Debug|Any CPU.ActiveCfg = Debug|Any CPU
		{7CC816B7-8559-461D-A5E6-5CE1B6DCA9BC}.Debug|Any CPU.Build.0 = Debug|Any CPU
		{7CC816B7-8559-461D-A5E6-5CE1B6DCA9BC}.Debug|ARM64.ActiveCfg = Debug|Any CPU
		{7CC816B7-8559-461D-A5E6-5CE1B6DCA9BC}.Debug|ARM64.Build.0 = Debug|Any CPU
		{7CC816B7-8559-461D-A5E6-5CE1B6DCA9BC}.Debug|x86.ActiveCfg = Debug|Any CPU
		{7CC816B7-8559-461D-A5E6-5CE1B6DCA9BC}.Debug|x86.Build.0 = Debug|Any CPU
		{7CC816B7-8559-461D-A5E6-5CE1B6DCA9BC}.Release|Any CPU.ActiveCfg = Release|Any CPU
		{7CC816B7-8559-461D-A5E6-5CE1B6DCA9BC}.Release|Any CPU.Build.0 = Release|Any CPU
		{7CC816B7-8559-461D-A5E6-5CE1B6DCA9BC}.Release|ARM64.ActiveCfg = Release|Any CPU
		{7CC816B7-8559-461D-A5E6-5CE1B6DCA9BC}.Release|ARM64.Build.0 = Release|Any CPU
		{7CC816B7-8559-461D-A5E6-5CE1B6DCA9BC}.Release|x86.ActiveCfg = Release|Any CPU
		{7CC816B7-8559-461D-A5E6-5CE1B6DCA9BC}.Release|x86.Build.0 = Release|Any CPU
		{6329F2A4-CB21-42A2-B8EF-205A465D9377}.Debug|Any CPU.ActiveCfg = Debug|Any CPU
		{6329F2A4-CB21-42A2-B8EF-205A465D9377}.Debug|Any CPU.Build.0 = Debug|Any CPU
		{6329F2A4-CB21-42A2-B8EF-205A465D9377}.Debug|ARM64.ActiveCfg = Debug|Any CPU
		{6329F2A4-CB21-42A2-B8EF-205A465D9377}.Debug|ARM64.Build.0 = Debug|Any CPU
		{6329F2A4-CB21-42A2-B8EF-205A465D9377}.Debug|x86.ActiveCfg = Debug|Any CPU
		{6329F2A4-CB21-42A2-B8EF-205A465D9377}.Debug|x86.Build.0 = Debug|Any CPU
		{6329F2A4-CB21-42A2-B8EF-205A465D9377}.Release|Any CPU.ActiveCfg = Release|Any CPU
		{6329F2A4-CB21-42A2-B8EF-205A465D9377}.Release|Any CPU.Build.0 = Release|Any CPU
		{6329F2A4-CB21-42A2-B8EF-205A465D9377}.Release|ARM64.ActiveCfg = Release|Any CPU
		{6329F2A4-CB21-42A2-B8EF-205A465D9377}.Release|ARM64.Build.0 = Release|Any CPU
		{6329F2A4-CB21-42A2-B8EF-205A465D9377}.Release|x86.ActiveCfg = Release|Any CPU
		{6329F2A4-CB21-42A2-B8EF-205A465D9377}.Release|x86.Build.0 = Release|Any CPU
		{6AE28B59-221B-4E3D-A66C-E255B26DAC92}.Debug|Any CPU.ActiveCfg = Debug|Any CPU
		{6AE28B59-221B-4E3D-A66C-E255B26DAC92}.Debug|ARM64.ActiveCfg = Debug|Any CPU
		{6AE28B59-221B-4E3D-A66C-E255B26DAC92}.Debug|x86.ActiveCfg = Debug|Any CPU
		{6AE28B59-221B-4E3D-A66C-E255B26DAC92}.Release|Any CPU.ActiveCfg = Release|Any CPU
		{6AE28B59-221B-4E3D-A66C-E255B26DAC92}.Release|ARM64.ActiveCfg = Release|Any CPU
		{6AE28B59-221B-4E3D-A66C-E255B26DAC92}.Release|x86.ActiveCfg = Release|Any CPU
		{1DB03AEC-8318-4F36-9A4B-FCC5BE00A029}.Debug|Any CPU.ActiveCfg = Debug|Any CPU
		{1DB03AEC-8318-4F36-9A4B-FCC5BE00A029}.Debug|Any CPU.Build.0 = Debug|Any CPU
		{1DB03AEC-8318-4F36-9A4B-FCC5BE00A029}.Debug|ARM64.ActiveCfg = Debug|Any CPU
		{1DB03AEC-8318-4F36-9A4B-FCC5BE00A029}.Debug|ARM64.Build.0 = Debug|Any CPU
		{1DB03AEC-8318-4F36-9A4B-FCC5BE00A029}.Debug|x86.ActiveCfg = Debug|Any CPU
		{1DB03AEC-8318-4F36-9A4B-FCC5BE00A029}.Debug|x86.Build.0 = Debug|Any CPU
		{1DB03AEC-8318-4F36-9A4B-FCC5BE00A029}.Release|Any CPU.ActiveCfg = Release|Any CPU
		{1DB03AEC-8318-4F36-9A4B-FCC5BE00A029}.Release|Any CPU.Build.0 = Release|Any CPU
		{1DB03AEC-8318-4F36-9A4B-FCC5BE00A029}.Release|ARM64.ActiveCfg = Release|Any CPU
		{1DB03AEC-8318-4F36-9A4B-FCC5BE00A029}.Release|ARM64.Build.0 = Release|Any CPU
		{1DB03AEC-8318-4F36-9A4B-FCC5BE00A029}.Release|x86.ActiveCfg = Release|Any CPU
		{1DB03AEC-8318-4F36-9A4B-FCC5BE00A029}.Release|x86.Build.0 = Release|Any CPU
		{C2500118-FD99-49EF-B726-3E2A3B30A717}.Debug|Any CPU.ActiveCfg = Debug|Any CPU
		{C2500118-FD99-49EF-B726-3E2A3B30A717}.Debug|ARM64.ActiveCfg = Debug|Any CPU
		{C2500118-FD99-49EF-B726-3E2A3B30A717}.Debug|x86.ActiveCfg = Debug|Any CPU
		{C2500118-FD99-49EF-B726-3E2A3B30A717}.Release|Any CPU.ActiveCfg = Release|Any CPU
		{C2500118-FD99-49EF-B726-3E2A3B30A717}.Release|ARM64.ActiveCfg = Release|Any CPU
		{C2500118-FD99-49EF-B726-3E2A3B30A717}.Release|x86.ActiveCfg = Release|Any CPU
		{25750BF1-1502-4F65-8D69-CEA8C87D6446}.Debug|Any CPU.ActiveCfg = Debug|Any CPU
		{25750BF1-1502-4F65-8D69-CEA8C87D6446}.Debug|ARM64.ActiveCfg = Debug|Any CPU
		{25750BF1-1502-4F65-8D69-CEA8C87D6446}.Debug|x86.ActiveCfg = Debug|Any CPU
		{25750BF1-1502-4F65-8D69-CEA8C87D6446}.Release|Any CPU.ActiveCfg = Release|Any CPU
		{25750BF1-1502-4F65-8D69-CEA8C87D6446}.Release|ARM64.ActiveCfg = Release|Any CPU
		{25750BF1-1502-4F65-8D69-CEA8C87D6446}.Release|x86.ActiveCfg = Release|Any CPU
		{534DE25D-0CDB-40FA-9FA5-915947FFC948}.Debug|Any CPU.ActiveCfg = Debug|Any CPU
		{534DE25D-0CDB-40FA-9FA5-915947FFC948}.Debug|Any CPU.Build.0 = Debug|Any CPU
		{534DE25D-0CDB-40FA-9FA5-915947FFC948}.Debug|ARM64.ActiveCfg = Debug|Any CPU
		{534DE25D-0CDB-40FA-9FA5-915947FFC948}.Debug|ARM64.Build.0 = Debug|Any CPU
		{534DE25D-0CDB-40FA-9FA5-915947FFC948}.Debug|x86.ActiveCfg = Debug|Any CPU
		{534DE25D-0CDB-40FA-9FA5-915947FFC948}.Debug|x86.Build.0 = Debug|Any CPU
		{534DE25D-0CDB-40FA-9FA5-915947FFC948}.Release|Any CPU.ActiveCfg = Release|Any CPU
		{534DE25D-0CDB-40FA-9FA5-915947FFC948}.Release|Any CPU.Build.0 = Release|Any CPU
		{534DE25D-0CDB-40FA-9FA5-915947FFC948}.Release|ARM64.ActiveCfg = Release|Any CPU
		{534DE25D-0CDB-40FA-9FA5-915947FFC948}.Release|ARM64.Build.0 = Release|Any CPU
		{534DE25D-0CDB-40FA-9FA5-915947FFC948}.Release|x86.ActiveCfg = Release|Any CPU
		{534DE25D-0CDB-40FA-9FA5-915947FFC948}.Release|x86.Build.0 = Release|Any CPU
	EndGlobalSection
	GlobalSection(SolutionProperties) = preSolution
		HideSolutionNode = FALSE
	EndGlobalSection
	GlobalSection(NestedProjects) = preSolution
		{7F18EB64-C857-49C4-9380-70D3CCE6242B} = {A8B76501-496A-4011-9C37-8308A1EBDFA7}
		{3A860CDD-94B9-4002-BA08-87E8822DDE50} = {5FBE5A09-30BA-4697-8069-443BE5294424}
		{1912618E-7942-4BB0-BC2B-7F48A38D1049} = {5FBE5A09-30BA-4697-8069-443BE5294424}
		{B10B59B5-9F63-41C2-BFBB-6C7311DC4E99} = {7F18EB64-C857-49C4-9380-70D3CCE6242B}
		{CB26AB5B-DB85-4A59-A3AE-FA55A35D05B0} = {3A860CDD-94B9-4002-BA08-87E8822DDE50}
		{FF0C329F-41E8-4540-BCDB-97690911077D} = {A8B76501-496A-4011-9C37-8308A1EBDFA7}
		{D320EA6C-2388-41F7-A4D1-980192665A61} = {B10B59B5-9F63-41C2-BFBB-6C7311DC4E99}
		{C5CC1B6F-14B1-41C1-A2F3-164B37BDCC0C} = {B10B59B5-9F63-41C2-BFBB-6C7311DC4E99}
		{49530738-22E7-4D2C-88FD-B20B68BF3A75} = {B10B59B5-9F63-41C2-BFBB-6C7311DC4E99}
		{FB31D291-AB9E-43E7-B92D-DBE33F6DD65A} = {B10B59B5-9F63-41C2-BFBB-6C7311DC4E99}
		{C2EFFA0A-E8EA-4AFE-8599-FC28CB7864FB} = {B10B59B5-9F63-41C2-BFBB-6C7311DC4E99}
		{4ED567B5-C28D-48BB-AEDC-864E2B2C7204} = {B10B59B5-9F63-41C2-BFBB-6C7311DC4E99}
		{031F17E0-BE84-42AF-B9FE-4F928CB03D1B} = {D982BD8C-2257-413B-8513-8043AB3035F3}
		{37533562-EC4C-4FB4-8C42-FE327D1D79BD} = {5FBE5A09-30BA-4697-8069-443BE5294424}
		{1C7E0F81-1F4A-478B-80CE-4C41606DC087} = {A8B76501-496A-4011-9C37-8308A1EBDFA7}
		{F7056ECA-1C9C-4544-99CA-731C944651D6} = {FF0C329F-41E8-4540-BCDB-97690911077D}
		{0690D5F7-864F-4347-8E20-FA9903CE56EB} = {1C7E0F81-1F4A-478B-80CE-4C41606DC087}
		{B6A1D372-264E-4F66-B7FB-7FF19587476E} = {FF0C329F-41E8-4540-BCDB-97690911077D}
		{9CBBD8B2-B7CD-4DA0-A476-C1E858CAE5D7} = {1C7E0F81-1F4A-478B-80CE-4C41606DC087}
		{033E966B-CBFD-4C79-AC06-78203C795EA8} = {1C7E0F81-1F4A-478B-80CE-4C41606DC087}
		{0690D5F7-864F-4347-8E20-FA9903CE56EA} = {1C7E0F81-1F4A-478B-80CE-4C41606DC087}
		{95BF276E-3D5E-4CB2-9FEB-A77AF0C2728C} = {FF0C329F-41E8-4540-BCDB-97690911077D}
		{470D3417-36A4-49A4-B719-496466FA92FC} = {1C7E0F81-1F4A-478B-80CE-4C41606DC087}
		{470D3417-36A4-49A4-B719-496466FA92FE} = {1C7E0F81-1F4A-478B-80CE-4C41606DC087}
		{E5D27495-EE4F-4AAF-8749-A6BA848111E2} = {1C7E0F81-1F4A-478B-80CE-4C41606DC087}
		{470D3417-36A4-49A4-B719-496477FA92FB} = {1C7E0F81-1F4A-478B-80CE-4C41606DC087}
		{F682C5F9-854F-4B4E-A7DE-33329F51A26B} = {1C7E0F81-1F4A-478B-80CE-4C41606DC087}
		{B6A1D372-264E-4F66-B7FB-7FF19587476F} = {1C7E0F81-1F4A-478B-80CE-4C41606DC087}
		{B6A1D372-264E-4F66-B7FB-7FF19587476A} = {1C7E0F81-1F4A-478B-80CE-4C41606DC087}
		{08A2DD62-D65A-47A8-AB9D-55D18DBC74D6} = {1C7E0F81-1F4A-478B-80CE-4C41606DC087}
		{A472B309-3C77-4DE5-8F03-AA81938EEFB4} = {1C7E0F81-1F4A-478B-80CE-4C41606DC087}
		{470D3417-36A4-49A4-B719-496466FA92FB} = {1C7E0F81-1F4A-478B-80CE-4C41606DC087}
		{2DFDA382-189B-45D1-94D5-3004D1AEB73C} = {1C7E0F81-1F4A-478B-80CE-4C41606DC087}
		{BFB8AD18-8C6E-4B25-B4AA-1AAB90ADA843} = {A8B76501-496A-4011-9C37-8308A1EBDFA7}
		{6AE28B59-221B-4E3D-A66C-E255B26DAF82} = {1C7E0F81-1F4A-478B-80CE-4C41606DC087}
		{A04CA21C-39DF-4466-B48B-A08AA0A262BD} = {FF0C329F-41E8-4540-BCDB-97690911077D}
		{AF84AA51-8718-40EC-B5D7-281799A7B07C} = {A04CA21C-39DF-4466-B48B-A08AA0A262BD}
		{D56CA115-830A-4007-BB9B-BF0FC72DA9B0} = {1C7E0F81-1F4A-478B-80CE-4C41606DC087}
		{470D3417-36A4-49A4-B719-486477FA92FB} = {1C7E0F81-1F4A-478B-80CE-4C41606DC087}
		{2022ED32-14C4-4CA6-AAC3-D58D724805ED} = {1C7E0F81-1F4A-478B-80CE-4C41606DC087}
		{5FBE5A09-30BA-4697-8069-443BE5294424} = {7F18EB64-C857-49C4-9380-70D3CCE6242B}
		{7FA847EE-CB4B-4C79-A774-4FFDB7313638} = {7F18EB64-C857-49C4-9380-70D3CCE6242B}
		{7CC816B7-8559-461D-A5E6-5CE1B6DCA9BC} = {7FA847EE-CB4B-4C79-A774-4FFDB7313638}
		{6329F2A4-CB21-42A2-B8EF-205A465D9377} = {7FA847EE-CB4B-4C79-A774-4FFDB7313638}
		{6AE28B59-221B-4E3D-A66C-E255B26DAC92} = {7FA847EE-CB4B-4C79-A774-4FFDB7313638}
		{1DB03AEC-8318-4F36-9A4B-FCC5BE00A029} = {1912618E-7942-4BB0-BC2B-7F48A38D1049}
		{C2500118-FD99-49EF-B726-3E2A3B30A717} = {37533562-EC4C-4FB4-8C42-FE327D1D79BD}
		{25750BF1-1502-4F65-8D69-CEA8C87D6446} = {37533562-EC4C-4FB4-8C42-FE327D1D79BD}
		{534DE25D-0CDB-40FA-9FA5-915947FFC948} = {D982BD8C-2257-413B-8513-8043AB3035F3}
	EndGlobalSection
	GlobalSection(ExtensibilityGlobals) = postSolution
		SolutionGuid = {83740BD9-AEEF-49C7-A722-D7703D3A38CB}
	EndGlobalSection
EndGlobal
