
Microsoft Visual Studio Solution File, Format Version 12.00
# Visual Studio Version 17
VisualStudioVersion = 17.1.32210.238
MinimumVisualStudioVersion = 10.0.40219.1
Project("{2150E333-8FDC-42A3-9474-1A3956D46DE8}") = "src", "src", "{A8B76501-496A-4011-9C37-8308A1EBDFA7}"
	ProjectSection(SolutionItems) = preProject
		src\start.bat = src\start.bat
		src\start.sh = src\start.sh
	EndProjectSection
EndProject
Project("{2150E333-8FDC-42A3-9474-1A3956D46DE8}") = "tests", "tests", "{D982BD8C-2257-413B-8513-8043AB3035F3}"
EndProject
Project("{2150E333-8FDC-42A3-9474-1A3956D46DE8}") = "demos", "demos", "{7F18EB64-C857-49C4-9380-70D3CCE6242B}"
EndProject
Project("{888888A0-9F3D-457C-B088-3A5042F75D52}") = "Python", "demos\Python\Python.pyproj", "{25750BF1-1502-4F65-8D69-CEA8C87D6446}"
EndProject
Project("{2150E333-8FDC-42A3-9474-1A3956D46DE8}") = "API", "API", "{2379A486-0D28-4CAD-BB13-E77FBA538E0D}"
EndProject
Project("{2150E333-8FDC-42A3-9474-1A3956D46DE8}") = "docs", "docs", "{3BF27572-9D3A-497C-8375-29110EBBD3D1}"
	ProjectSection(SolutionItems) = preProject
		docs\Docker Hub SenesAI Server ReadMe.md = docs\Docker Hub SenesAI Server ReadMe.md
		docs\installing on WSL.md = docs\installing on WSL.md
		LICENCE.md = LICENCE.md
		README.md = README.md
		THIRD-PARTY-NOTICES.md = THIRD-PARTY-NOTICES.md
		docs\Welcome.html = docs\Welcome.html
	EndProjectSection
EndProject
Project("{2150E333-8FDC-42A3-9474-1A3956D46DE8}") = "AnalysisLayer", "AnalysisLayer", "{156BFEDA-D477-43B2-92DA-FCC9BAF1F893}"
	ProjectSection(SolutionItems) = preProject
		src\AnalysisLayer\start-analysis.bat = src\AnalysisLayer\start-analysis.bat
		src\AnalysisLayer\start-analysis.sh = src\AnalysisLayer\start-analysis.sh
	EndProjectSection
EndProject
Project("{2150E333-8FDC-42A3-9474-1A3956D46DE8}") = "Installers", "Installers", "{D885EE64-C1BD-44D6-84D8-1E46806298D9}"
EndProject
Project("{888888A0-9F3D-457C-B088-3A5042F75D52}") = "DeepStack", "src\AnalysisLayer\DeepStack\intelligencelayer\DeepStack.pyproj", "{E5D27495-EE4F-4AAF-8749-A6BA848111E2}"
EndProject
Project("{2150E333-8FDC-42A3-9474-1A3956D46DE8}") = "Javascript", "Javascript", "{3A860CDD-94B9-4002-BA08-87E8822DDE50}"
	ProjectSection(SolutionItems) = preProject
		demos\Javascript\Vision.html = demos\Javascript\Vision.html
	EndProjectSection
EndProject
Project("{2150E333-8FDC-42A3-9474-1A3956D46DE8}") = ".NET", ".NET", "{1912618E-7942-4BB0-BC2B-7F48A38D1049}"
EndProject
Project("{2150E333-8FDC-42A3-9474-1A3956D46DE8}") = "TestData", "TestData", "{B10B59B5-9F63-41C2-BFBB-6C7311DC4E99}"
	ProjectSection(SolutionItems) = preProject
		demos\TestData\adele.jpg = demos\TestData\adele.jpg
		demos\TestData\bradley.jpg = demos\TestData\bradley.jpg
		demos\TestData\cruise.jpg = demos\TestData\cruise.jpg
		demos\TestData\elba.jpg = demos\TestData\elba.jpg
		demos\TestData\perri.jpg = demos\TestData\perri.jpg
		demos\TestData\pexels-antonio-sokic-3839427.jpg = demos\TestData\pexels-antonio-sokic-3839427.jpg
		demos\TestData\pexels-asad-photo-maldives-1591373.jpg = demos\TestData\pexels-asad-photo-maldives-1591373.jpg
		demos\TestData\pexels-cottonbro-7523256.jpg = demos\TestData\pexels-cottonbro-7523256.jpg
		demos\TestData\pexels-cottonbro-8467934.jpg = demos\TestData\pexels-cottonbro-8467934.jpg
		demos\TestData\pexels-cottonbro-8683441.jpg = demos\TestData\pexels-cottonbro-8683441.jpg
		demos\TestData\pexels-fox-1595385.jpg = demos\TestData\pexels-fox-1595385.jpg
		demos\TestData\pexels-freestocksorg-839462.jpg = demos\TestData\pexels-freestocksorg-839462.jpg
		demos\TestData\pexels-huseyn-kamaladdin-667838.jpg = demos\TestData\pexels-huseyn-kamaladdin-667838.jpg
		demos\TestData\pexels-jacob-colvin-1757363.jpg = demos\TestData\pexels-jacob-colvin-1757363.jpg
		demos\TestData\pexels-jaime-reimer-2662116.jpg = demos\TestData\pexels-jaime-reimer-2662116.jpg
		demos\TestData\pexels-jean-van-der-meulen-1599791.jpg = demos\TestData\pexels-jean-van-der-meulen-1599791.jpg
		demos\TestData\pexels-jimmy-chan-3159622 (1).jpg = demos\TestData\pexels-jimmy-chan-3159622 (1).jpg
		demos\TestData\pexels-jonathan-borba-2917382.jpg = demos\TestData\pexels-jonathan-borba-2917382.jpg
		demos\TestData\pexels-maria-orlova-4947381.jpg = demos\TestData\pexels-maria-orlova-4947381.jpg
		demos\TestData\pexels-ngrh-mei-5975635.jpg = demos\TestData\pexels-ngrh-mei-5975635.jpg
		demos\TestData\pexels-pixabay-210186.jpg = demos\TestData\pexels-pixabay-210186.jpg
		demos\TestData\pexels-pixabay-273935.jpg = demos\TestData\pexels-pixabay-273935.jpg
		demos\TestData\pexels-polina-tankilevitch-5848781.jpg = demos\TestData\pexels-polina-tankilevitch-5848781.jpg
		demos\TestData\pexels-roberto-nickson-2559941.jpg = demos\TestData\pexels-roberto-nickson-2559941.jpg
		demos\TestData\pexels-thirdman-7268587 (1).jpg = demos\TestData\pexels-thirdman-7268587 (1).jpg
		demos\TestData\pexels-thirdman-7652055.jpg = demos\TestData\pexels-thirdman-7652055.jpg
		demos\TestData\pexels-tiger-lily-4480988.jpg = demos\TestData\pexels-tiger-lily-4480988.jpg
		demos\TestData\pexels-tiger-lily-4481324.jpg = demos\TestData\pexels-tiger-lily-4481324.jpg
		demos\TestData\pexels-tima-miroshnichenko-6694964.jpg = demos\TestData\pexels-tima-miroshnichenko-6694964.jpg
		demos\TestData\pexels-victoria-borodinova-1648396.jpg = demos\TestData\pexels-victoria-borodinova-1648396.jpg
		demos\TestData\Readme.txt = demos\TestData\Readme.txt
		demos\TestData\Robert1.PNG = demos\TestData\Robert1.PNG
		demos\TestData\Robert2.PNG = demos\TestData\Robert2.PNG
		demos\TestData\Robert3.PNG = demos\TestData\Robert3.PNG
		demos\TestData\Robert4.PNG = demos\TestData\Robert4.PNG
		demos\TestData\Robert5.PNG = demos\TestData\Robert5.PNG
		demos\TestData\testdata.zip = demos\TestData\testdata.zip
	EndProjectSection
EndProject
Project("{9A19103F-16F7-4668-BE54-9A1E7A4F7556}") = "CodeProject.SenseAI.Playground", "demos\dotNet\CodeProject.SenseAI.Playground\CodeProject.SenseAI.Playground.csproj", "{C33D90E7-7570-46FB-9EB9-ED6B40A93A9B}"
EndProject
Project("{9A19103F-16F7-4668-BE54-9A1E7A4F7556}") = "Common", "src\API\Common\Common.csproj", "{CEECDD90-4400-436D-A369-DB216B21FD93}"
EndProject
Project("{2150E333-8FDC-42A3-9474-1A3956D46DE8}") = "Server", "Server", "{93A23681-E9E8-4381-9EB5-8D178A0EE785}"
EndProject
Project("{9A19103F-16F7-4668-BE54-9A1E7A4F7556}") = "Frontend", "src\API\Server\FrontEnd\Frontend.csproj", "{A0CF3BEE-8EE3-4B23-BEB8-9D258C0510A3}"
	ProjectSection(ProjectDependencies) = postProject
		{232710A8-9180-4139-8FF2-8F21F649D927} = {232710A8-9180-4139-8FF2-8F21F649D927}
	EndProjectSection
EndProject
Project("{9A19103F-16F7-4668-BE54-9A1E7A4F7556}") = "Backend", "src\API\Server\Backend\Backend.csproj", "{C93C22D7-4EB2-4EC0-A7F0-FBCFB9F6F72D}"
EndProject
Project("{9A19103F-16F7-4668-BE54-9A1E7A4F7556}") = "CodeProject.SenseAI.API.Server.Backend.Tests", "tests\QueueServiceTests\CodeProject.SenseAI.API.Server.Backend.Tests.csproj", "{F9430C77-589D-4C56-8458-2DF7E344C0FC}"
EndProject
Project("{2150E333-8FDC-42A3-9474-1A3956D46DE8}") = "Images", "Images", "{8C92DCAE-EDE7-4DEC-A5CB-BB2388905064}"
	ProjectSection(SolutionItems) = preProject
		docs\images\Choose-launch.png = docs\images\Choose-launch.png
		docs\images\example-detect.png = docs\images\example-detect.png
		docs\images\Mulitple-Project-Toolbar.png = docs\images\Mulitple-Project-Toolbar.png
		docs\images\Set-Startup_Projects.png = docs\images\Set-Startup_Projects.png
	EndProjectSection
EndProject
Project("{2150E333-8FDC-42A3-9474-1A3956D46DE8}") = "assets", "assets", "{CB26AB5B-DB85-4A59-A3AE-FA55A35D05B0}"
	ProjectSection(SolutionItems) = preProject
		demos\Javascript\assets\favicon-16x16.png = demos\Javascript\assets\favicon-16x16.png
		demos\Javascript\assets\favicon-32x32.png = demos\Javascript\assets\favicon-32x32.png
		demos\Javascript\assets\logo135-bg.gif = demos\Javascript\assets\logo135-bg.gif
		demos\Javascript\assets\logo250x135.gif = demos\Javascript\assets\logo250x135.gif
		demos\Javascript\assets\styles.css = demos\Javascript\assets\styles.css
	EndProjectSection
EndProject
Project("{2150E333-8FDC-42A3-9474-1A3956D46DE8}") = "Solution Items", "Solution Items", "{460DB5C8-46F3-4407-A2DF-D9063D14493A}"
	ProjectSection(SolutionItems) = preProject
		BuildDockerBase.bat = BuildDockerBase.bat
		commands.json = commands.json
		Dockerfile-Base = Dockerfile-Base
		global.json = global.json
	EndProjectSection
EndProject
Project("{9A19103F-16F7-4668-BE54-9A1E7A4F7556}") = "CodeProject.SenseAI.AnalysisLayer.Yolo", "src\AnalysisLayer\CodeProject.SenseAI.AnalysisLayer.Yolo\CodeProject.SenseAI.AnalysisLayer.Yolo.csproj", "{232710A8-9180-4139-8FF2-8F21F649D927}"
EndProject
Project("{2150E333-8FDC-42A3-9474-1A3956D46DE8}") = "SDK", "SDK", "{FF0C329F-41E8-4540-BCDB-97690911077D}"
EndProject
Project("{2150E333-8FDC-42A3-9474-1A3956D46DE8}") = "ModelRunners", "ModelRunners", "{55C41D48-17AC-4ED5-9440-B42AF65CCE4E}"
EndProject
Project("{2150E333-8FDC-42A3-9474-1A3956D46DE8}") = "Yolov5Net.Scorer", "Yolov5Net.Scorer", "{7E981C51-DADD-4047-AF5B-21B0E3442B99}"
EndProject
Project("{9A19103F-16F7-4668-BE54-9A1E7A4F7556}") = "Yolov5Net.Scorer", "src\AnalysisLayer\SDK\ModelRunners\Yolov5Net.Scorer\Yolov5Net.Scorer.csproj", "{7DC0A312-39AD-41B0-BB53-72ACACC76959}"
EndProject
Project("{2150E333-8FDC-42A3-9474-1A3956D46DE8}") = "Windows", "Windows", "{83C828B9-2B1E-4982-B4B7-69D173DFBB27}"
EndProject
Project("{930C7802-8A8C-48F9-8165-68863BCCD9DD}") = "YoloNet.Installer", "Installers\Windows\YoloNet.Installer\YoloNet.Installer.wixproj", "{E0AEDE8A-E336-49C6-9D6A-7A05E8155AB9}"
EndProject
Project("{2150E333-8FDC-42A3-9474-1A3956D46DE8}") = "Common", "Common", "{5F1052CB-8586-49CB-8F46-427A5F6901C2}"
	ProjectSection(SolutionItems) = preProject
		Installers\Windows\favicon.ico = Installers\Windows\favicon.ico
		Installers\Windows\license.rtf = Installers\Windows\license.rtf
		Installers\Windows\logo.png = Installers\Windows\logo.png
		Installers\Windows\logoSide.png = Installers\Windows\logoSide.png
		Installers\Windows\Sense-install-BG.png = Installers\Windows\Sense-install-BG.png
		Installers\Windows\Sense-install-sidebar.png = Installers\Windows\Sense-install-sidebar.png
		Installers\Windows\Sense-install-topbanner.png = Installers\Windows\Sense-install-topbanner.png
		Installers\Windows\SharedDirectories.wxi = Installers\Windows\SharedDirectories.wxi
		Installers\Windows\SharedProperties.wxi = Installers\Windows\SharedProperties.wxi
		Installers\Windows\SharedUIConfiguration.wxi = Installers\Windows\SharedUIConfiguration.wxi
	EndProjectSection
EndProject
Project("{930C7802-8A8C-48F9-8165-68863BCCD9DD}") = "SenseAI.BootStrapper", "Installers\Windows\SenseAI.BootStrapper\SenseAI.BootStrapper.wixproj", "{C04BBD0D-FD36-4FA4-805B-106BCCD9BC79}"
	ProjectSection(ProjectDependencies) = postProject
		{ED492608-6013-4552-A29B-A7E14F4BEB0B} = {ED492608-6013-4552-A29B-A7E14F4BEB0B}
		{D0B74BE9-8195-4907-AEEE-45631E37251F} = {D0B74BE9-8195-4907-AEEE-45631E37251F}
		{3F34EAEE-8A53-40D1-8CDB-A13AE728FA06} = {3F34EAEE-8A53-40D1-8CDB-A13AE728FA06}
	EndProjectSection
EndProject
Project("{2150E333-8FDC-42A3-9474-1A3956D46DE8}") = "Old School Scripts", "Old School Scripts", "{FDB25B74-D0CD-4665-9152-DE968A1028D8}"
	ProjectSection(SolutionItems) = preProject
		Installers\Old School\create_installer_win.bat = Installers\Old School\create_installer_win.bat
		Installers\Old School\CreateWindowsService.cmd = Installers\Old School\CreateWindowsService.cmd
		Installers\Old School\DeleteWindowsService.cmd = Installers\Old School\DeleteWindowsService.cmd
		Installers\Old School\load_environment.bat = Installers\Old School\load_environment.bat
		Installers\Old School\save_environment.bat = Installers\Old School\save_environment.bat
		Installers\Old School\Setup_SenseAI_Win.bat = Installers\Old School\Setup_SenseAI_Win.bat
		Installers\Old School\Start_SenseAI_Win.bat = Installers\Old School\Start_SenseAI_Win.bat
	EndProjectSection
EndProject
Project("{930C7802-8A8C-48F9-8165-68863BCCD9DD}") = "DeepStack.Installer", "Installers\Windows\DeepStack.Installer\DeepStack.Installer.wixproj", "{ED492608-6013-4552-A29B-A7E14F4BEB0B}"
EndProject
Project("{930C7802-8A8C-48F9-8165-68863BCCD9DD}") = "DeepStackModels.Installer", "Installers\Windows\DeepStackModels.Installer\DeepStackModels.Installer.wixproj", "{D0B74BE9-8195-4907-AEEE-45631E37251F}"
EndProject
Project("{930C7802-8A8C-48F9-8165-68863BCCD9DD}") = "Python37.Installer", "Installers\Windows\Python37.Installer\Python37.Installer.wixproj", "{3F34EAEE-8A53-40D1-8CDB-A13AE728FA06}"
EndProject
Project("{930C7802-8A8C-48F9-8165-68863BCCD9DD}") = "SenseAI.Server.Installer", "Installers\Windows\SenseAI.Server.Installer\SenseAI.Server.Installer.wixproj", "{A1AFA75C-324E-4B79-BE13-5557E495FBBE}"
EndProject
Project("{2150E333-8FDC-42A3-9474-1A3956D46DE8}") = "WipInstallers", "WipInstallers", "{888C04E1-6F50-4800-93FE-F128B78AE645}"
EndProject
Project("{54435603-DBB4-11D2-8724-00A0C9A8B90C}") = "SenseAI.Server.Installer", "Installers\WipInstallers\SenseAI.Server.Installer\SenseAI.Server.Installer.vdproj", "{18603392-CD64-4C1C-B892-381E99995451}"
EndProject
Project("{2150E333-8FDC-42A3-9474-1A3956D46DE8}") = "Dev", "Dev", "{00BBF52C-217D-421F-BEAF-918C167D4C20}"
	ProjectSection(SolutionItems) = preProject
		Installers\Dev\setup_dev_env_linux.sh = Installers\Dev\setup_dev_env_linux.sh
		Installers\Dev\setup_dev_env_win.bat = Installers\Dev\setup_dev_env_win.bat
	EndProjectSection
EndProject
Project("{2150E333-8FDC-42A3-9474-1A3956D46DE8}") = ".NET 3.5.1", ".NET 3.5.1", "{8A423F72-C92C-4C8E-87D8-02849FD079E2}"
	ProjectSection(SolutionItems) = preProject
		Installers\Windows\.NET 3.5.1\Download .NET Framework 3.5 SP1.url = Installers\Windows\.NET 3.5.1\Download .NET Framework 3.5 SP1.url
	EndProjectSection
EndProject
Project("{2150E333-8FDC-42A3-9474-1A3956D46DE8}") = "TextSummary", "TextSummary", "{0D5152E1-741C-4C67-8558-8F92A40BC48F}"
	ProjectSection(SolutionItems) = preProject
		src\AnalysisLayer\TextSummary\__init__.py = src\AnalysisLayer\TextSummary\__init__.py
		src\AnalysisLayer\TextSummary\requirements.txt = src\AnalysisLayer\TextSummary\requirements.txt
		src\AnalysisLayer\TextSummary\senseAI.py = src\AnalysisLayer\TextSummary\senseAI.py
		src\AnalysisLayer\TextSummary\summarize.py = src\AnalysisLayer\TextSummary\summarize.py
		src\AnalysisLayer\TextSummary\textsummary.py = src\AnalysisLayer\TextSummary\textsummary.py
	EndProjectSection
EndProject
Project("{2150E333-8FDC-42A3-9474-1A3956D46DE8}") = "nltk_data", "nltk_data", "{E9766120-39AB-48FC-AADF-BEB3C0F8912C}"
EndProject
Project("{930C7802-8A8C-48F9-8165-68863BCCD9DD}") = "TextSummary.Installer", "Installers\Windows\TextSummary.Installer\TextSummary.Installer.wixproj", "{F675BEA0-4A75-4B30-9E70-CBBE8641E9CD}"
EndProject
Project("{2150E333-8FDC-42A3-9474-1A3956D46DE8}") = "Docker", "Docker", "{FB0561D3-4AF8-415A-85B4-E4E9ADDC3DB2}"
	ProjectSection(SolutionItems) = preProject
		Installers\Docker\BuildDockerBase.bat = Installers\Docker\BuildDockerBase.bat
		Installers\Docker\Dockerfile-Base = Installers\Docker\Dockerfile-Base
		Installers\Docker\README = Installers\Docker\README
	EndProjectSection
EndProject
Global
	GlobalSection(SolutionConfigurationPlatforms) = preSolution
		Debug|Any CPU = Debug|Any CPU
		Debug|x86 = Debug|x86
		Release|Any CPU = Release|Any CPU
		Release|x86 = Release|x86
	EndGlobalSection
	GlobalSection(ProjectConfigurationPlatforms) = postSolution
		{25750BF1-1502-4F65-8D69-CEA8C87D6446}.Debug|Any CPU.ActiveCfg = Debug|Any CPU
		{25750BF1-1502-4F65-8D69-CEA8C87D6446}.Debug|x86.ActiveCfg = Debug|Any CPU
		{25750BF1-1502-4F65-8D69-CEA8C87D6446}.Release|Any CPU.ActiveCfg = Release|Any CPU
		{25750BF1-1502-4F65-8D69-CEA8C87D6446}.Release|x86.ActiveCfg = Release|Any CPU
		{E5D27495-EE4F-4AAF-8749-A6BA848111E2}.Debug|Any CPU.ActiveCfg = Debug|Any CPU
		{E5D27495-EE4F-4AAF-8749-A6BA848111E2}.Debug|x86.ActiveCfg = Debug|Any CPU
		{E5D27495-EE4F-4AAF-8749-A6BA848111E2}.Release|Any CPU.ActiveCfg = Release|Any CPU
		{E5D27495-EE4F-4AAF-8749-A6BA848111E2}.Release|x86.ActiveCfg = Release|Any CPU
		{C33D90E7-7570-46FB-9EB9-ED6B40A93A9B}.Debug|Any CPU.ActiveCfg = Debug|Any CPU
		{C33D90E7-7570-46FB-9EB9-ED6B40A93A9B}.Debug|Any CPU.Build.0 = Debug|Any CPU
		{C33D90E7-7570-46FB-9EB9-ED6B40A93A9B}.Debug|x86.ActiveCfg = Debug|Any CPU
		{C33D90E7-7570-46FB-9EB9-ED6B40A93A9B}.Debug|x86.Build.0 = Debug|Any CPU
		{C33D90E7-7570-46FB-9EB9-ED6B40A93A9B}.Release|Any CPU.ActiveCfg = Release|Any CPU
		{C33D90E7-7570-46FB-9EB9-ED6B40A93A9B}.Release|Any CPU.Build.0 = Release|Any CPU
		{C33D90E7-7570-46FB-9EB9-ED6B40A93A9B}.Release|x86.ActiveCfg = Release|Any CPU
		{C33D90E7-7570-46FB-9EB9-ED6B40A93A9B}.Release|x86.Build.0 = Release|Any CPU
		{CEECDD90-4400-436D-A369-DB216B21FD93}.Debug|Any CPU.ActiveCfg = Debug|Any CPU
		{CEECDD90-4400-436D-A369-DB216B21FD93}.Debug|Any CPU.Build.0 = Debug|Any CPU
		{CEECDD90-4400-436D-A369-DB216B21FD93}.Debug|x86.ActiveCfg = Debug|Any CPU
		{CEECDD90-4400-436D-A369-DB216B21FD93}.Debug|x86.Build.0 = Debug|Any CPU
		{CEECDD90-4400-436D-A369-DB216B21FD93}.Release|Any CPU.ActiveCfg = Release|Any CPU
		{CEECDD90-4400-436D-A369-DB216B21FD93}.Release|Any CPU.Build.0 = Release|Any CPU
		{CEECDD90-4400-436D-A369-DB216B21FD93}.Release|x86.ActiveCfg = Release|Any CPU
		{CEECDD90-4400-436D-A369-DB216B21FD93}.Release|x86.Build.0 = Release|Any CPU
		{A0CF3BEE-8EE3-4B23-BEB8-9D258C0510A3}.Debug|Any CPU.ActiveCfg = Debug|Any CPU
		{A0CF3BEE-8EE3-4B23-BEB8-9D258C0510A3}.Debug|Any CPU.Build.0 = Debug|Any CPU
		{A0CF3BEE-8EE3-4B23-BEB8-9D258C0510A3}.Debug|x86.ActiveCfg = Debug|Any CPU
		{A0CF3BEE-8EE3-4B23-BEB8-9D258C0510A3}.Debug|x86.Build.0 = Debug|Any CPU
		{A0CF3BEE-8EE3-4B23-BEB8-9D258C0510A3}.Release|Any CPU.ActiveCfg = Release|Any CPU
		{A0CF3BEE-8EE3-4B23-BEB8-9D258C0510A3}.Release|Any CPU.Build.0 = Release|Any CPU
		{A0CF3BEE-8EE3-4B23-BEB8-9D258C0510A3}.Release|x86.ActiveCfg = Release|Any CPU
		{A0CF3BEE-8EE3-4B23-BEB8-9D258C0510A3}.Release|x86.Build.0 = Release|Any CPU
		{C93C22D7-4EB2-4EC0-A7F0-FBCFB9F6F72D}.Debug|Any CPU.ActiveCfg = Debug|Any CPU
		{C93C22D7-4EB2-4EC0-A7F0-FBCFB9F6F72D}.Debug|Any CPU.Build.0 = Debug|Any CPU
		{C93C22D7-4EB2-4EC0-A7F0-FBCFB9F6F72D}.Debug|x86.ActiveCfg = Debug|Any CPU
		{C93C22D7-4EB2-4EC0-A7F0-FBCFB9F6F72D}.Debug|x86.Build.0 = Debug|Any CPU
		{C93C22D7-4EB2-4EC0-A7F0-FBCFB9F6F72D}.Release|Any CPU.ActiveCfg = Release|Any CPU
		{C93C22D7-4EB2-4EC0-A7F0-FBCFB9F6F72D}.Release|Any CPU.Build.0 = Release|Any CPU
		{C93C22D7-4EB2-4EC0-A7F0-FBCFB9F6F72D}.Release|x86.ActiveCfg = Release|Any CPU
		{C93C22D7-4EB2-4EC0-A7F0-FBCFB9F6F72D}.Release|x86.Build.0 = Release|Any CPU
		{F9430C77-589D-4C56-8458-2DF7E344C0FC}.Debug|Any CPU.ActiveCfg = Debug|Any CPU
		{F9430C77-589D-4C56-8458-2DF7E344C0FC}.Debug|Any CPU.Build.0 = Debug|Any CPU
		{F9430C77-589D-4C56-8458-2DF7E344C0FC}.Debug|x86.ActiveCfg = Debug|Any CPU
		{F9430C77-589D-4C56-8458-2DF7E344C0FC}.Debug|x86.Build.0 = Debug|Any CPU
		{F9430C77-589D-4C56-8458-2DF7E344C0FC}.Release|Any CPU.ActiveCfg = Release|Any CPU
		{F9430C77-589D-4C56-8458-2DF7E344C0FC}.Release|Any CPU.Build.0 = Release|Any CPU
		{F9430C77-589D-4C56-8458-2DF7E344C0FC}.Release|x86.ActiveCfg = Release|Any CPU
		{F9430C77-589D-4C56-8458-2DF7E344C0FC}.Release|x86.Build.0 = Release|Any CPU
		{232710A8-9180-4139-8FF2-8F21F649D927}.Debug|Any CPU.ActiveCfg = Debug|Any CPU
		{232710A8-9180-4139-8FF2-8F21F649D927}.Debug|Any CPU.Build.0 = Debug|Any CPU
		{232710A8-9180-4139-8FF2-8F21F649D927}.Debug|x86.ActiveCfg = Debug|Any CPU
		{232710A8-9180-4139-8FF2-8F21F649D927}.Debug|x86.Build.0 = Debug|Any CPU
		{232710A8-9180-4139-8FF2-8F21F649D927}.Release|Any CPU.ActiveCfg = Release|Any CPU
		{232710A8-9180-4139-8FF2-8F21F649D927}.Release|Any CPU.Build.0 = Release|Any CPU
		{232710A8-9180-4139-8FF2-8F21F649D927}.Release|x86.ActiveCfg = Release|Any CPU
		{232710A8-9180-4139-8FF2-8F21F649D927}.Release|x86.Build.0 = Release|Any CPU
		{7DC0A312-39AD-41B0-BB53-72ACACC76959}.Debug|Any CPU.ActiveCfg = Debug|Any CPU
		{7DC0A312-39AD-41B0-BB53-72ACACC76959}.Debug|Any CPU.Build.0 = Debug|Any CPU
		{7DC0A312-39AD-41B0-BB53-72ACACC76959}.Debug|x86.ActiveCfg = Debug|Any CPU
		{7DC0A312-39AD-41B0-BB53-72ACACC76959}.Debug|x86.Build.0 = Debug|Any CPU
		{7DC0A312-39AD-41B0-BB53-72ACACC76959}.Release|Any CPU.ActiveCfg = Release|Any CPU
		{7DC0A312-39AD-41B0-BB53-72ACACC76959}.Release|Any CPU.Build.0 = Release|Any CPU
		{7DC0A312-39AD-41B0-BB53-72ACACC76959}.Release|x86.ActiveCfg = Release|Any CPU
		{7DC0A312-39AD-41B0-BB53-72ACACC76959}.Release|x86.Build.0 = Release|Any CPU
		{E0AEDE8A-E336-49C6-9D6A-7A05E8155AB9}.Debug|Any CPU.ActiveCfg = Debug|x86
		{E0AEDE8A-E336-49C6-9D6A-7A05E8155AB9}.Debug|x86.ActiveCfg = Debug|x86
		{E0AEDE8A-E336-49C6-9D6A-7A05E8155AB9}.Debug|x86.Build.0 = Debug|x86
		{E0AEDE8A-E336-49C6-9D6A-7A05E8155AB9}.Release|Any CPU.ActiveCfg = Release|x86
		{E0AEDE8A-E336-49C6-9D6A-7A05E8155AB9}.Release|x86.ActiveCfg = Release|x86
		{E0AEDE8A-E336-49C6-9D6A-7A05E8155AB9}.Release|x86.Build.0 = Release|x86
		{C04BBD0D-FD36-4FA4-805B-106BCCD9BC79}.Debug|Any CPU.ActiveCfg = Debug|x86
		{C04BBD0D-FD36-4FA4-805B-106BCCD9BC79}.Debug|x86.ActiveCfg = Debug|x86
		{C04BBD0D-FD36-4FA4-805B-106BCCD9BC79}.Debug|x86.Build.0 = Debug|x86
		{C04BBD0D-FD36-4FA4-805B-106BCCD9BC79}.Release|Any CPU.ActiveCfg = Release|x86
		{C04BBD0D-FD36-4FA4-805B-106BCCD9BC79}.Release|x86.ActiveCfg = Release|x86
		{C04BBD0D-FD36-4FA4-805B-106BCCD9BC79}.Release|x86.Build.0 = Release|x86
		{ED492608-6013-4552-A29B-A7E14F4BEB0B}.Debug|Any CPU.ActiveCfg = Debug|x86
		{ED492608-6013-4552-A29B-A7E14F4BEB0B}.Debug|x86.ActiveCfg = Debug|x86
		{ED492608-6013-4552-A29B-A7E14F4BEB0B}.Debug|x86.Build.0 = Debug|x86
		{ED492608-6013-4552-A29B-A7E14F4BEB0B}.Release|Any CPU.ActiveCfg = Release|x86
		{ED492608-6013-4552-A29B-A7E14F4BEB0B}.Release|x86.ActiveCfg = Release|x86
		{ED492608-6013-4552-A29B-A7E14F4BEB0B}.Release|x86.Build.0 = Release|x86
		{D0B74BE9-8195-4907-AEEE-45631E37251F}.Debug|Any CPU.ActiveCfg = Debug|x86
		{D0B74BE9-8195-4907-AEEE-45631E37251F}.Debug|x86.ActiveCfg = Debug|x86
		{D0B74BE9-8195-4907-AEEE-45631E37251F}.Debug|x86.Build.0 = Debug|x86
		{D0B74BE9-8195-4907-AEEE-45631E37251F}.Release|Any CPU.ActiveCfg = Release|x86
		{D0B74BE9-8195-4907-AEEE-45631E37251F}.Release|x86.ActiveCfg = Release|x86
		{D0B74BE9-8195-4907-AEEE-45631E37251F}.Release|x86.Build.0 = Release|x86
		{3F34EAEE-8A53-40D1-8CDB-A13AE728FA06}.Debug|Any CPU.ActiveCfg = Debug|x86
		{3F34EAEE-8A53-40D1-8CDB-A13AE728FA06}.Debug|x86.ActiveCfg = Debug|x86
		{3F34EAEE-8A53-40D1-8CDB-A13AE728FA06}.Debug|x86.Build.0 = Debug|x86
		{3F34EAEE-8A53-40D1-8CDB-A13AE728FA06}.Release|Any CPU.ActiveCfg = Release|x86
		{3F34EAEE-8A53-40D1-8CDB-A13AE728FA06}.Release|x86.ActiveCfg = Release|x86
		{3F34EAEE-8A53-40D1-8CDB-A13AE728FA06}.Release|x86.Build.0 = Release|x86
		{A1AFA75C-324E-4B79-BE13-5557E495FBBE}.Debug|Any CPU.ActiveCfg = Debug|x86
		{A1AFA75C-324E-4B79-BE13-5557E495FBBE}.Debug|x86.ActiveCfg = Debug|x86
		{A1AFA75C-324E-4B79-BE13-5557E495FBBE}.Debug|x86.Build.0 = Debug|x86
		{A1AFA75C-324E-4B79-BE13-5557E495FBBE}.Release|Any CPU.ActiveCfg = Release|x86
		{A1AFA75C-324E-4B79-BE13-5557E495FBBE}.Release|x86.ActiveCfg = Release|x86
		{A1AFA75C-324E-4B79-BE13-5557E495FBBE}.Release|x86.Build.0 = Release|x86
		{18603392-CD64-4C1C-B892-381E99995451}.Debug|Any CPU.ActiveCfg = Debug
		{18603392-CD64-4C1C-B892-381E99995451}.Debug|x86.ActiveCfg = Debug
		{18603392-CD64-4C1C-B892-381E99995451}.Release|Any CPU.ActiveCfg = Release
		{18603392-CD64-4C1C-B892-381E99995451}.Release|x86.ActiveCfg = Release
		{F675BEA0-4A75-4B30-9E70-CBBE8641E9CD}.Debug|Any CPU.ActiveCfg = Debug|x86
		{F675BEA0-4A75-4B30-9E70-CBBE8641E9CD}.Debug|Any CPU.Build.0 = Debug|x86
		{F675BEA0-4A75-4B30-9E70-CBBE8641E9CD}.Debug|x86.ActiveCfg = Debug|x86
		{F675BEA0-4A75-4B30-9E70-CBBE8641E9CD}.Debug|x86.Build.0 = Debug|x86
		{F675BEA0-4A75-4B30-9E70-CBBE8641E9CD}.Release|Any CPU.ActiveCfg = Release|x86
		{F675BEA0-4A75-4B30-9E70-CBBE8641E9CD}.Release|Any CPU.Build.0 = Release|x86
		{F675BEA0-4A75-4B30-9E70-CBBE8641E9CD}.Release|x86.ActiveCfg = Release|x86
		{F675BEA0-4A75-4B30-9E70-CBBE8641E9CD}.Release|x86.Build.0 = Release|x86
	EndGlobalSection
	GlobalSection(SolutionProperties) = preSolution
		HideSolutionNode = FALSE
	EndGlobalSection
	GlobalSection(NestedProjects) = preSolution
		{25750BF1-1502-4F65-8D69-CEA8C87D6446} = {7F18EB64-C857-49C4-9380-70D3CCE6242B}
		{2379A486-0D28-4CAD-BB13-E77FBA538E0D} = {A8B76501-496A-4011-9C37-8308A1EBDFA7}
		{156BFEDA-D477-43B2-92DA-FCC9BAF1F893} = {A8B76501-496A-4011-9C37-8308A1EBDFA7}
		{E5D27495-EE4F-4AAF-8749-A6BA848111E2} = {156BFEDA-D477-43B2-92DA-FCC9BAF1F893}
		{3A860CDD-94B9-4002-BA08-87E8822DDE50} = {7F18EB64-C857-49C4-9380-70D3CCE6242B}
		{1912618E-7942-4BB0-BC2B-7F48A38D1049} = {7F18EB64-C857-49C4-9380-70D3CCE6242B}
		{B10B59B5-9F63-41C2-BFBB-6C7311DC4E99} = {7F18EB64-C857-49C4-9380-70D3CCE6242B}
		{C33D90E7-7570-46FB-9EB9-ED6B40A93A9B} = {1912618E-7942-4BB0-BC2B-7F48A38D1049}
		{CEECDD90-4400-436D-A369-DB216B21FD93} = {2379A486-0D28-4CAD-BB13-E77FBA538E0D}
		{93A23681-E9E8-4381-9EB5-8D178A0EE785} = {2379A486-0D28-4CAD-BB13-E77FBA538E0D}
		{A0CF3BEE-8EE3-4B23-BEB8-9D258C0510A3} = {93A23681-E9E8-4381-9EB5-8D178A0EE785}
		{C93C22D7-4EB2-4EC0-A7F0-FBCFB9F6F72D} = {93A23681-E9E8-4381-9EB5-8D178A0EE785}
		{F9430C77-589D-4C56-8458-2DF7E344C0FC} = {D982BD8C-2257-413B-8513-8043AB3035F3}
		{8C92DCAE-EDE7-4DEC-A5CB-BB2388905064} = {3BF27572-9D3A-497C-8375-29110EBBD3D1}
		{CB26AB5B-DB85-4A59-A3AE-FA55A35D05B0} = {3A860CDD-94B9-4002-BA08-87E8822DDE50}
		{232710A8-9180-4139-8FF2-8F21F649D927} = {156BFEDA-D477-43B2-92DA-FCC9BAF1F893}
		{FF0C329F-41E8-4540-BCDB-97690911077D} = {156BFEDA-D477-43B2-92DA-FCC9BAF1F893}
		{55C41D48-17AC-4ED5-9440-B42AF65CCE4E} = {FF0C329F-41E8-4540-BCDB-97690911077D}
		{7E981C51-DADD-4047-AF5B-21B0E3442B99} = {55C41D48-17AC-4ED5-9440-B42AF65CCE4E}
		{7DC0A312-39AD-41B0-BB53-72ACACC76959} = {7E981C51-DADD-4047-AF5B-21B0E3442B99}
		{83C828B9-2B1E-4982-B4B7-69D173DFBB27} = {D885EE64-C1BD-44D6-84D8-1E46806298D9}
		{E0AEDE8A-E336-49C6-9D6A-7A05E8155AB9} = {83C828B9-2B1E-4982-B4B7-69D173DFBB27}
		{5F1052CB-8586-49CB-8F46-427A5F6901C2} = {83C828B9-2B1E-4982-B4B7-69D173DFBB27}
		{C04BBD0D-FD36-4FA4-805B-106BCCD9BC79} = {83C828B9-2B1E-4982-B4B7-69D173DFBB27}
		{FDB25B74-D0CD-4665-9152-DE968A1028D8} = {D885EE64-C1BD-44D6-84D8-1E46806298D9}
		{ED492608-6013-4552-A29B-A7E14F4BEB0B} = {83C828B9-2B1E-4982-B4B7-69D173DFBB27}
		{D0B74BE9-8195-4907-AEEE-45631E37251F} = {83C828B9-2B1E-4982-B4B7-69D173DFBB27}
		{3F34EAEE-8A53-40D1-8CDB-A13AE728FA06} = {83C828B9-2B1E-4982-B4B7-69D173DFBB27}
		{A1AFA75C-324E-4B79-BE13-5557E495FBBE} = {83C828B9-2B1E-4982-B4B7-69D173DFBB27}
		{888C04E1-6F50-4800-93FE-F128B78AE645} = {D885EE64-C1BD-44D6-84D8-1E46806298D9}
		{18603392-CD64-4C1C-B892-381E99995451} = {888C04E1-6F50-4800-93FE-F128B78AE645}
		{00BBF52C-217D-421F-BEAF-918C167D4C20} = {D885EE64-C1BD-44D6-84D8-1E46806298D9}
		{8A423F72-C92C-4C8E-87D8-02849FD079E2} = {83C828B9-2B1E-4982-B4B7-69D173DFBB27}
		{0D5152E1-741C-4C67-8558-8F92A40BC48F} = {156BFEDA-D477-43B2-92DA-FCC9BAF1F893}
		{E9766120-39AB-48FC-AADF-BEB3C0F8912C} = {0D5152E1-741C-4C67-8558-8F92A40BC48F}
		{F675BEA0-4A75-4B30-9E70-CBBE8641E9CD} = {83C828B9-2B1E-4982-B4B7-69D173DFBB27}
		{FB0561D3-4AF8-415A-85B4-E4E9ADDC3DB2} = {D885EE64-C1BD-44D6-84D8-1E46806298D9}
	EndGlobalSection
	GlobalSection(ExtensibilityGlobals) = postSolution
		SolutionGuid = {83740BD9-AEEF-49C7-A722-D7703D3A38CB}
	EndGlobalSection
EndGlobal
