
Microsoft Visual Studio Solution File, Format Version 12.00
# Visual Studio Version 17
VisualStudioVersion = 17.2.32616.157
MinimumVisualStudioVersion = 10.0.40219.1
Project("{2150E333-8FDC-42A3-9474-1A3956D46DE8}") = "src", "src", "{A8B76501-496A-4011-9C37-8308A1EBDFA7}"
	ProjectSection(SolutionItems) = preProject
		src\create_packages.bat = src\create_packages.bat
		src\create_packages.sh = src\create_packages.sh
		src\setup.bat = src\setup.bat
		src\setup.sh = src\setup.sh
	EndProjectSection
EndProject
Project("{2150E333-8FDC-42A3-9474-1A3956D46DE8}") = "tests", "tests", "{D982BD8C-2257-413B-8513-8043AB3035F3}"
EndProject
Project("{2150E333-8FDC-42A3-9474-1A3956D46DE8}") = "demos", "demos", "{7F18EB64-C857-49C4-9380-70D3CCE6242B}"
EndProject
Project("{2150E333-8FDC-42A3-9474-1A3956D46DE8}") = "Javascript", "Javascript", "{3A860CDD-94B9-4002-BA08-87E8822DDE50}"
	ProjectSection(SolutionItems) = preProject
		src\demos\Javascript\Vision.html = src\demos\Javascript\Vision.html
	EndProjectSection
EndProject
Project("{2150E333-8FDC-42A3-9474-1A3956D46DE8}") = ".NET", ".NET", "{1912618E-7942-4BB0-BC2B-7F48A38D1049}"
EndProject
Project("{2150E333-8FDC-42A3-9474-1A3956D46DE8}") = "TestData", "TestData", "{B10B59B5-9F63-41C2-BFBB-6C7311DC4E99}"
	ProjectSection(SolutionItems) = preProject
		src\demos\TestData\Readme.txt = src\demos\TestData\Readme.txt
	EndProjectSection
EndProject
Project("{2150E333-8FDC-42A3-9474-1A3956D46DE8}") = "assets", "assets", "{CB26AB5B-DB85-4A59-A3AE-FA55A35D05B0}"
	ProjectSection(SolutionItems) = preProject
		src\demos\Javascript\assets\favicon-16x16.png = src\demos\Javascript\assets\favicon-16x16.png
		src\demos\Javascript\assets\favicon-32x32.png = src\demos\Javascript\assets\favicon-32x32.png
		src\demos\Javascript\assets\logo135-bg.gif = src\demos\Javascript\assets\logo135-bg.gif
		src\demos\Javascript\assets\logo250x135.gif = src\demos\Javascript\assets\logo250x135.gif
		src\demos\Javascript\assets\styles.css = src\demos\Javascript\assets\styles.css
	EndProjectSection
EndProject
Project("{2150E333-8FDC-42A3-9474-1A3956D46DE8}") = "Solution Items", "Solution Items", "{460DB5C8-46F3-4407-A2DF-D9063D14493A}"
	ProjectSection(SolutionItems) = preProject
		.editorconfig = .editorconfig
		CodeProject.AI-Server.code-workspace = CodeProject.AI-Server.code-workspace
		LICENCE.md = LICENCE.md
		README.md = README.md
		THIRD-PARTY-NOTICES.md = THIRD-PARTY-NOTICES.md
	EndProjectSection
EndProject
Project("{2150E333-8FDC-42A3-9474-1A3956D46DE8}") = "SDK", "SDK", "{FF0C329F-41E8-4540-BCDB-97690911077D}"
	ProjectSection(SolutionItems) = preProject
		src\SDK\install.bat = src\SDK\install.bat
		src\SDK\install.sh = src\SDK\install.sh
	EndProjectSection
EndProject
Project("{2150E333-8FDC-42A3-9474-1A3956D46DE8}") = "License plates", "License plates", "{D320EA6C-2388-41F7-A4D1-980192665A61}"
	ProjectSection(SolutionItems) = preProject
		src\demos\TestData\License plates\ABC123.PNG = src\demos\TestData\License plates\ABC123.PNG
		src\demos\TestData\License plates\BC-Licence-Plate.jpg = src\demos\TestData\License plates\BC-Licence-Plate.jpg
		src\demos\TestData\License plates\canadian-plates.jpg = src\demos\TestData\License plates\canadian-plates.jpg
		src\demos\TestData\License plates\corvette-with-plate.jpg = src\demos\TestData\License plates\corvette-with-plate.jpg
		src\demos\TestData\License plates\corvette-with-plate2.jpg = src\demos\TestData\License plates\corvette-with-plate2.jpg
		src\demos\TestData\License plates\dense-text.gif = src\demos\TestData\License plates\dense-text.gif
		src\demos\TestData\License plates\oh-canada.jpg = src\demos\TestData\License plates\oh-canada.jpg
		src\demos\TestData\License plates\rv-with-plate.jpg = src\demos\TestData\License plates\rv-with-plate.jpg
		src\demos\TestData\License plates\toyota-with-plate.jpg = src\demos\TestData\License plates\toyota-with-plate.jpg
		src\demos\TestData\License plates\your-text.jpg = src\demos\TestData\License plates\your-text.jpg
	EndProjectSection
EndProject
Project("{2150E333-8FDC-42A3-9474-1A3956D46DE8}") = "Logos", "Logos", "{C5CC1B6F-14B1-41C1-A2F3-164B37BDCC0C}"
	ProjectSection(SolutionItems) = preProject
		src\demos\TestData\Logos\fedex.jpg = src\demos\TestData\Logos\fedex.jpg
	EndProjectSection
EndProject
Project("{2150E333-8FDC-42A3-9474-1A3956D46DE8}") = "Faces", "Faces", "{49530738-22E7-4D2C-88FD-B20B68BF3A75}"
	ProjectSection(SolutionItems) = preProject
		src\demos\TestData\Faces\chris-hemsworth-1.jpg = src\demos\TestData\Faces\chris-hemsworth-1.jpg
		src\demos\TestData\Faces\chris-hemsworth-2.jpg = src\demos\TestData\Faces\chris-hemsworth-2.jpg
		src\demos\TestData\Faces\chris-hemsworth-3.jpg = src\demos\TestData\Faces\chris-hemsworth-3.jpg
		src\demos\TestData\Faces\crowd.jpg = src\demos\TestData\Faces\crowd.jpg
		src\demos\TestData\Faces\family-on-couch.jpg = src\demos\TestData\Faces\family-on-couch.jpg
		src\demos\TestData\Faces\kate-winslet-1.jpg = src\demos\TestData\Faces\kate-winslet-1.jpg
		src\demos\TestData\Faces\robert-downey-Jr-1.jpg = src\demos\TestData\Faces\robert-downey-Jr-1.jpg
		src\demos\TestData\Faces\robert-downey-Jr-2.jpg = src\demos\TestData\Faces\robert-downey-Jr-2.jpg
		src\demos\TestData\Faces\robert-downey-Jr-3.jpg = src\demos\TestData\Faces\robert-downey-Jr-3.jpg
		src\demos\TestData\Faces\sailors-all-hands-navy-military.jpg = src\demos\TestData\Faces\sailors-all-hands-navy-military.jpg
		src\demos\TestData\Faces\scarlett-johanson-1.jpg = src\demos\TestData\Faces\scarlett-johanson-1.jpg
		src\demos\TestData\Faces\scarlett-johanson-2.jpg = src\demos\TestData\Faces\scarlett-johanson-2.jpg
		src\demos\TestData\Faces\two-people-depth-of-field.jpg = src\demos\TestData\Faces\two-people-depth-of-field.jpg
		src\demos\TestData\Faces\two-people-selfie.jpg = src\demos\TestData\Faces\two-people-selfie.jpg
		src\demos\TestData\Faces\woman-low-lighting.jpg = src\demos\TestData\Faces\woman-low-lighting.jpg
		src\demos\TestData\Faces\woman-rainy-window.jpg = src\demos\TestData\Faces\woman-rainy-window.jpg
		src\demos\TestData\Faces\woman-with-flowers.jpg = src\demos\TestData\Faces\woman-with-flowers.jpg
	EndProjectSection
EndProject
Project("{2150E333-8FDC-42A3-9474-1A3956D46DE8}") = "People and Actions", "People and Actions", "{FB31D291-AB9E-43E7-B92D-DBE33F6DD65A}"
	ProjectSection(SolutionItems) = preProject
		src\demos\TestData\People and actions\couple-at-sunset.jpg = src\demos\TestData\People and actions\couple-at-sunset.jpg
		src\demos\TestData\People and actions\man-in-alley.jpg = src\demos\TestData\People and actions\man-in-alley.jpg
		src\demos\TestData\People and actions\running.jpg = src\demos\TestData\People and actions\running.jpg
		src\demos\TestData\People and actions\selfies-on-couch.jpg = src\demos\TestData\People and actions\selfies-on-couch.jpg
		src\demos\TestData\People and actions\warehouse-cam-view-blurred.jpg = src\demos\TestData\People and actions\warehouse-cam-view-blurred.jpg
		src\demos\TestData\People and actions\warehouse-security-cam-view.jpg = src\demos\TestData\People and actions\warehouse-security-cam-view.jpg
	EndProjectSection
EndProject
Project("{2150E333-8FDC-42A3-9474-1A3956D46DE8}") = "Scenes", "Scenes", "{C2EFFA0A-E8EA-4AFE-8599-FC28CB7864FB}"
	ProjectSection(SolutionItems) = preProject
		src\demos\TestData\Scenes\beach.jpg = src\demos\TestData\Scenes\beach.jpg
		src\demos\TestData\Scenes\desert.jpg = src\demos\TestData\Scenes\desert.jpg
		src\demos\TestData\Scenes\forest.jpg = src\demos\TestData\Scenes\forest.jpg
		src\demos\TestData\Scenes\glacier-lake.jpg = src\demos\TestData\Scenes\glacier-lake.jpg
		src\demos\TestData\Scenes\iceland-waterfall.jpg = src\demos\TestData\Scenes\iceland-waterfall.jpg
		src\demos\TestData\Scenes\mountains-by-sea.jpg = src\demos\TestData\Scenes\mountains-by-sea.jpg
		src\demos\TestData\Scenes\snowy-road.jpg = src\demos\TestData\Scenes\snowy-road.jpg
	EndProjectSection
EndProject
Project("{2150E333-8FDC-42A3-9474-1A3956D46DE8}") = "Objects", "Objects", "{4ED567B5-C28D-48BB-AEDC-864E2B2C7204}"
	ProjectSection(SolutionItems) = preProject
		src\demos\TestData\Objects\cat-on-wall.jpg = src\demos\TestData\Objects\cat-on-wall.jpg
		src\demos\TestData\Objects\intersection.jpg = src\demos\TestData\Objects\intersection.jpg
		src\demos\TestData\Objects\is-it-a-dog.jpg = src\demos\TestData\Objects\is-it-a-dog.jpg
		src\demos\TestData\Objects\kitchen.jpg = src\demos\TestData\Objects\kitchen.jpg
		src\demos\TestData\Objects\living-room.jpg = src\demos\TestData\Objects\living-room.jpg
		src\demos\TestData\Objects\man-at-desk.jpg = src\demos\TestData\Objects\man-at-desk.jpg
		src\demos\TestData\Objects\menagerie.jpg = src\demos\TestData\Objects\menagerie.jpg
		src\demos\TestData\Objects\office-presentation.jpg = src\demos\TestData\Objects\office-presentation.jpg
		src\demos\TestData\Objects\parrot.jpg = src\demos\TestData\Objects\parrot.jpg
		src\demos\TestData\Objects\quail.JPG = src\demos\TestData\Objects\quail.JPG
		src\demos\TestData\Objects\street-at-night.jpg = src\demos\TestData\Objects\street-at-night.jpg
		src\demos\TestData\Objects\study-group.jpg = src\demos\TestData\Objects\study-group.jpg
		src\demos\TestData\Objects\traffic.jpeg = src\demos\TestData\Objects\traffic.jpeg
		src\demos\TestData\Objects\traffic.jpg = src\demos\TestData\Objects\traffic.jpg
		src\demos\TestData\Objects\traffic2.jpg = src\demos\TestData\Objects\traffic2.jpg
	EndProjectSection
EndProject
Project("{9A19103F-16F7-4668-BE54-9A1E7A4F7556}") = "CodeProject.AI.API.Server.Backend.Tests", "tests\QueueServiceTests\CodeProject.AI.API.Server.Backend.Tests.csproj", "{031F17E0-BE84-42AF-B9FE-4F928CB03D1B}"
EndProject
Project("{2150E333-8FDC-42A3-9474-1A3956D46DE8}") = "Python", "Python", "{37533562-EC4C-4FB4-8C42-FE327D1D79BD}"
	ProjectSection(SolutionItems) = preProject
		src\demos\clients\Python\requirements.txt = src\demos\clients\Python\requirements.txt
		src\demos\clients\Python\utils.py = src\demos\clients\Python\utils.py
	EndProjectSection
EndProject
Project("{2150E333-8FDC-42A3-9474-1A3956D46DE8}") = "modules", "modules", "{1C7E0F81-1F4A-478B-80CE-4C41606DC087}"
	ProjectSection(SolutionItems) = preProject
		src\modules\readme.txt = src\modules\readme.txt
	EndProjectSection
EndProject
Project("{9A19103F-16F7-4668-BE54-9A1E7A4F7556}") = "NET", "src\SDK\NET\NET.csproj", "{F7056ECA-1C9C-4544-99CA-731C944651D6}"
EndProject
Project("{888888A0-9F3D-457C-B088-3A5042F75D52}") = "Python", "src\SDK\Python\Python.pyproj", "{B6A1D372-264E-4F66-B7FB-7FF19587476E}"
EndProject
Project("{9A19103F-16F7-4668-BE54-9A1E7A4F7556}") = "ObjectDetectionYOLOv5Net", "src\modules\ObjectDetectionYOLOv5Net\ObjectDetectionYOLOv5Net.csproj", "{F682C5F9-854F-4B4E-A7DE-33329F51A26B}"
EndProject
Project("{888888A0-9F3D-457C-B088-3A5042F75D52}") = "ObjectDetectionYOLOv5-6.2", "src\modules\ObjectDetectionYOLOv5-6.2\ObjectDetectionYOLOv5-6.2.pyproj", "{B6A1D372-264E-4F66-B7FB-7FF19587476F}"
EndProject
Project("{9A19103F-16F7-4668-BE54-9A1E7A4F7556}") = "Server", "src\server\Server.csproj", "{BFB8AD18-8C6E-4B25-B4AA-1AAB90ADA843}"
EndProject
Project("{2150E333-8FDC-42A3-9474-1A3956D46DE8}") = ",vscode", ",vscode", "{CA30C07F-53CC-43F7-B1C9-4E9506E53736}"
	ProjectSection(SolutionItems) = preProject
		.vscode\launch.docker.json = .vscode\launch.docker.json
		.vscode\launch.json = .vscode\launch.json
		.vscode\ReadMe.txt = .vscode\ReadMe.txt
		.vscode\settings.json = .vscode\settings.json
		.vscode\tasks.docker.json = .vscode\tasks.docker.json
		.vscode\tasks.json = .vscode\tasks.json
	EndProjectSection
EndProject
Project("{2150E333-8FDC-42A3-9474-1A3956D46DE8}") = "docker-compose", "docker-compose", "{2A2CB97D-0086-4891-AFA1-198F414E3562}"
	ProjectSection(SolutionItems) = preProject
		devops\docker-compose\docker-compose-cpu.yml = devops\docker-compose\docker-compose-cpu.yml
		devops\docker-compose\docker-compose-cuda-10.2.yml = devops\docker-compose\docker-compose-cuda-10.2.yml
		devops\docker-compose\docker-compose-cuda-11.7.yml = devops\docker-compose\docker-compose-cuda-11.7.yml
		devops\docker-compose\docker-compose-cuda-12.2.yml = devops\docker-compose\docker-compose-cuda-12.2.yml
		devops\docker-compose\docker-compose-gpu.yml = devops\docker-compose\docker-compose-gpu.yml
		devops\docker-compose\docker-compose-rpi.yml = devops\docker-compose\docker-compose-rpi.yml
	EndProjectSection
EndProject
Project("{9A19103F-16F7-4668-BE54-9A1E7A4F7556}") = "ParseJSON", "utils\ParseJSON\ParseJSON.csproj", "{AF84AA51-8718-40EC-B5D7-281799A7B07C}"
EndProject
Project("{2150E333-8FDC-42A3-9474-1A3956D46DE8}") = "clients", "clients", "{5FBE5A09-30BA-4697-8069-443BE5294424}"
	ProjectSection(SolutionItems) = preProject
		src\demos\clients\install.bat = src\demos\clients\install.bat
		src\demos\clients\install.sh = src\demos\clients\install.sh
	EndProjectSection
EndProject
Project("{2150E333-8FDC-42A3-9474-1A3956D46DE8}") = "modules", "modules", "{7FA847EE-CB4B-4C79-A774-4FFDB7313638}"
EndProject
Project("{9A19103F-16F7-4668-BE54-9A1E7A4F7556}") = "DotNetLongProcess", "src\demos\modules\DotNetLongProcess\DotNetLongProcess.csproj", "{7CC816B7-8559-461D-A5E6-5CE1B6DCA9BC}"
EndProject
Project("{9A19103F-16F7-4668-BE54-9A1E7A4F7556}") = "DotNetSimple", "src\demos\modules\DotNetSimple\DotNetSimple.csproj", "{6329F2A4-CB21-42A2-B8EF-205A465D9377}"
EndProject
Project("{888888A0-9F3D-457C-B088-3A5042F75D52}") = "PythonSimple", "src\demos\modules\PythonSimple\PythonSimple.pyproj", "{6AE28B59-221B-4E3D-A66C-E255B26DAC92}"
EndProject
Project("{9A19103F-16F7-4668-BE54-9A1E7A4F7556}") = "CodeProject.AI.Explorer", "src\demos\clients\dotNet\CodeProject.AI.Explorer\CodeProject.AI.Explorer.csproj", "{1DB03AEC-8318-4F36-9A4B-FCC5BE00A029}"
EndProject
Project("{888888A0-9F3D-457C-B088-3A5042F75D52}") = "Face", "src\demos\clients\Python\Face\Face.pyproj", "{C2500118-FD99-49EF-B726-3E2A3B30A717}"
EndProject
Project("{888888A0-9F3D-457C-B088-3A5042F75D52}") = "ObjectDetect", "src\demos\clients\Python\ObjectDetect\ObjectDetect.pyproj", "{25750BF1-1502-4F65-8D69-CEA8C87D6446}"
EndProject
Project("{9A19103F-16F7-4668-BE54-9A1E7A4F7556}") = "CodeProject.AI.SDK.Tests", "tests\CodeProject.AI.SDK.Tests\CodeProject.AI.SDK.Tests.csproj", "{534DE25D-0CDB-40FA-9FA5-915947FFC948}"
EndProject
Project("{2150E333-8FDC-42A3-9474-1A3956D46DE8}") = "downloads", "downloads", "{03695052-B42B-4672-801E-8DA4A2DA121D}"
EndProject
Project("{2150E333-8FDC-42A3-9474-1A3956D46DE8}") = "models", "models", "{BB5A0479-7ED8-4348-9C84-A712692E98DB}"
	ProjectSection(SolutionItems) = preProject
		downloads\models\models.json = downloads\models\models.json
	EndProjectSection
EndProject
Project("{2150E333-8FDC-42A3-9474-1A3956D46DE8}") = "modules", "modules", "{A80A9448-3DF5-4FDA-8D12-5B2A8ECDC482}"
EndProject
Project("{2150E333-8FDC-42A3-9474-1A3956D46DE8}") = "devops", "devops", "{50CC79E9-A9D5-4A10-AA2F-4FE588BA26F5}"
EndProject
Project("{2150E333-8FDC-42A3-9474-1A3956D46DE8}") = "build", "build", "{14F997E3-5D56-4610-AC3D-7838DCB3B2AB}"
	ProjectSection(SolutionItems) = preProject
		devops\build\create_packages.bat = devops\build\create_packages.bat
		devops\build\create_packages.sh = devops\build\create_packages.sh
	EndProjectSection
EndProject
Project("{2150E333-8FDC-42A3-9474-1A3956D46DE8}") = "install", "install", "{10FEC849-0DE2-45A1-BA63-C3CD0AA7DD2A}"
	ProjectSection(SolutionItems) = preProject
		devops\install\clean.bat = devops\install\clean.bat
		devops\install\clean.sh = devops\install\clean.sh
		devops\install\clone_repos.bat = devops\install\clone_repos.bat
		devops\install\clone_repos.sh = devops\install\clone_repos.sh
		devops\install\dotnet-install-arm.sh = devops\install\dotnet-install-arm.sh
		devops\install\dotnet-install.ps1 = devops\install\dotnet-install.ps1
		devops\install\dotnet-install.sh = devops\install\dotnet-install.sh
		devops\install\install_CUDnn.bat = devops\install\install_CUDnn.bat
		devops\install\install_cuDNN.sh = devops\install\install_cuDNN.sh
		devops\install\jetson_libraries.sh = devops\install\jetson_libraries.sh
		devops\install\jetson_variables.sh = devops\install\jetson_variables.sh
	EndProjectSection
EndProject
Project("{2150E333-8FDC-42A3-9474-1A3956D46DE8}") = "scripts", "scripts", "{6BB8FD23-9042-4E05-AF31-D8C167EEEFD3}"
	ProjectSection(SolutionItems) = preProject
		devops\scripts\Cleanup-InstalledApp.ps1 = devops\scripts\Cleanup-InstalledApp.ps1
		devops\scripts\endtimer.bat = devops\scripts\endtimer.bat
		devops\scripts\fix_localhost_issue_wsl.sh = devops\scripts\fix_localhost_issue_wsl.sh
		devops\scripts\hardware_info.vbs = devops\scripts\hardware_info.vbs
		devops\scripts\inotify_consumers.sh = devops\scripts\inotify_consumers.sh
		devops\scripts\setSwapMemorySize.sh = devops\scripts\setSwapMemorySize.sh
		devops\scripts\Setup-WSL.bat = devops\scripts\Setup-WSL.bat
		devops\scripts\Setup-WSL.ps1 = devops\scripts\Setup-WSL.ps1
		devops\scripts\starttimer.bat = devops\scripts\starttimer.bat
		devops\scripts\stop_all.bat = devops\scripts\stop_all.bat
		devops\scripts\stop_all.sh = devops\scripts\stop_all.sh
		devops\scripts\utils.bat = devops\scripts\utils.bat
		devops\scripts\utils.sh = devops\scripts\utils.sh
	EndProjectSection
EndProject
Project("{2150E333-8FDC-42A3-9474-1A3956D46DE8}") = "utils", "utils", "{6E979D95-48F4-4902-A708-9C9AFC3430BD}"
	ProjectSection(SolutionItems) = preProject
		utils\jq-windows-amd64.exe = utils\jq-windows-amd64.exe
	EndProjectSection
EndProject
Project("{2150E333-8FDC-42A3-9474-1A3956D46DE8}") = "internal-modules", "internal-modules", "{B2C2865A-1A91-4B5C-83F5-BFC967F49773}"
EndProject
Global
	GlobalSection(SolutionConfigurationPlatforms) = preSolution
		Debug|Any CPU = Debug|Any CPU
		Debug|ARM64 = Debug|ARM64
		Debug|x86 = Debug|x86
		Release|Any CPU = Release|Any CPU
		Release|ARM64 = Release|ARM64
		Release|x86 = Release|x86
	EndGlobalSection
	GlobalSection(ProjectConfigurationPlatforms) = postSolution
		{031F17E0-BE84-42AF-B9FE-4F928CB03D1B}.Debug|Any CPU.ActiveCfg = Debug|Any CPU
		{031F17E0-BE84-42AF-B9FE-4F928CB03D1B}.Debug|Any CPU.Build.0 = Debug|Any CPU
		{031F17E0-BE84-42AF-B9FE-4F928CB03D1B}.Debug|ARM64.ActiveCfg = Debug|ARM64
		{031F17E0-BE84-42AF-B9FE-4F928CB03D1B}.Debug|ARM64.Build.0 = Debug|ARM64
		{031F17E0-BE84-42AF-B9FE-4F928CB03D1B}.Debug|x86.ActiveCfg = Debug|Any CPU
		{031F17E0-BE84-42AF-B9FE-4F928CB03D1B}.Debug|x86.Build.0 = Debug|Any CPU
		{031F17E0-BE84-42AF-B9FE-4F928CB03D1B}.Release|Any CPU.ActiveCfg = Release|Any CPU
		{031F17E0-BE84-42AF-B9FE-4F928CB03D1B}.Release|Any CPU.Build.0 = Release|Any CPU
		{031F17E0-BE84-42AF-B9FE-4F928CB03D1B}.Release|ARM64.ActiveCfg = Release|ARM64
		{031F17E0-BE84-42AF-B9FE-4F928CB03D1B}.Release|ARM64.Build.0 = Release|ARM64
		{031F17E0-BE84-42AF-B9FE-4F928CB03D1B}.Release|x86.ActiveCfg = Release|Any CPU
		{031F17E0-BE84-42AF-B9FE-4F928CB03D1B}.Release|x86.Build.0 = Release|Any CPU
		{F7056ECA-1C9C-4544-99CA-731C944651D6}.Debug|Any CPU.ActiveCfg = Debug|Any CPU
		{F7056ECA-1C9C-4544-99CA-731C944651D6}.Debug|Any CPU.Build.0 = Debug|Any CPU
		{F7056ECA-1C9C-4544-99CA-731C944651D6}.Debug|ARM64.ActiveCfg = Debug|Any CPU
		{F7056ECA-1C9C-4544-99CA-731C944651D6}.Debug|ARM64.Build.0 = Debug|Any CPU
		{F7056ECA-1C9C-4544-99CA-731C944651D6}.Debug|x86.ActiveCfg = Debug|Any CPU
		{F7056ECA-1C9C-4544-99CA-731C944651D6}.Debug|x86.Build.0 = Debug|Any CPU
		{F7056ECA-1C9C-4544-99CA-731C944651D6}.Release|Any CPU.ActiveCfg = Release|Any CPU
		{F7056ECA-1C9C-4544-99CA-731C944651D6}.Release|Any CPU.Build.0 = Release|Any CPU
		{F7056ECA-1C9C-4544-99CA-731C944651D6}.Release|ARM64.ActiveCfg = Release|Any CPU
		{F7056ECA-1C9C-4544-99CA-731C944651D6}.Release|ARM64.Build.0 = Release|Any CPU
		{F7056ECA-1C9C-4544-99CA-731C944651D6}.Release|x86.ActiveCfg = Release|Any CPU
		{F7056ECA-1C9C-4544-99CA-731C944651D6}.Release|x86.Build.0 = Release|Any CPU
		{B6A1D372-264E-4F66-B7FB-7FF19587476E}.Debug|Any CPU.ActiveCfg = Release|Any CPU
		{B6A1D372-264E-4F66-B7FB-7FF19587476E}.Debug|ARM64.ActiveCfg = Release|Any CPU
		{B6A1D372-264E-4F66-B7FB-7FF19587476E}.Debug|x86.ActiveCfg = Release|Any CPU
		{B6A1D372-264E-4F66-B7FB-7FF19587476E}.Release|Any CPU.ActiveCfg = Release|Any CPU
		{B6A1D372-264E-4F66-B7FB-7FF19587476E}.Release|ARM64.ActiveCfg = Release|Any CPU
		{B6A1D372-264E-4F66-B7FB-7FF19587476E}.Release|x86.ActiveCfg = Release|Any CPU
		{F682C5F9-854F-4B4E-A7DE-33329F51A26B}.Debug|Any CPU.ActiveCfg = Debug|Any CPU
		{F682C5F9-854F-4B4E-A7DE-33329F51A26B}.Debug|Any CPU.Build.0 = Debug|Any CPU
		{F682C5F9-854F-4B4E-A7DE-33329F51A26B}.Debug|ARM64.ActiveCfg = Debug|Any CPU
		{F682C5F9-854F-4B4E-A7DE-33329F51A26B}.Debug|ARM64.Build.0 = Debug|Any CPU
		{F682C5F9-854F-4B4E-A7DE-33329F51A26B}.Debug|x86.ActiveCfg = Debug|Any CPU
		{F682C5F9-854F-4B4E-A7DE-33329F51A26B}.Debug|x86.Build.0 = Debug|Any CPU
		{F682C5F9-854F-4B4E-A7DE-33329F51A26B}.Release|Any CPU.ActiveCfg = Release|Any CPU
		{F682C5F9-854F-4B4E-A7DE-33329F51A26B}.Release|Any CPU.Build.0 = Release|Any CPU
		{F682C5F9-854F-4B4E-A7DE-33329F51A26B}.Release|ARM64.ActiveCfg = Release|Any CPU
		{F682C5F9-854F-4B4E-A7DE-33329F51A26B}.Release|ARM64.Build.0 = Release|Any CPU
		{F682C5F9-854F-4B4E-A7DE-33329F51A26B}.Release|x86.ActiveCfg = Release|Any CPU
		{F682C5F9-854F-4B4E-A7DE-33329F51A26B}.Release|x86.Build.0 = Release|Any CPU
		{B6A1D372-264E-4F66-B7FB-7FF19587476F}.Debug|Any CPU.ActiveCfg = Debug|Any CPU
		{B6A1D372-264E-4F66-B7FB-7FF19587476F}.Debug|ARM64.ActiveCfg = Debug|Any CPU
		{B6A1D372-264E-4F66-B7FB-7FF19587476F}.Debug|x86.ActiveCfg = Debug|Any CPU
		{B6A1D372-264E-4F66-B7FB-7FF19587476F}.Release|Any CPU.ActiveCfg = Release|Any CPU
		{B6A1D372-264E-4F66-B7FB-7FF19587476F}.Release|ARM64.ActiveCfg = Release|Any CPU
		{B6A1D372-264E-4F66-B7FB-7FF19587476F}.Release|x86.ActiveCfg = Release|Any CPU
		{BFB8AD18-8C6E-4B25-B4AA-1AAB90ADA843}.Debug|Any CPU.ActiveCfg = Debug|Any CPU
		{BFB8AD18-8C6E-4B25-B4AA-1AAB90ADA843}.Debug|Any CPU.Build.0 = Debug|Any CPU
		{BFB8AD18-8C6E-4B25-B4AA-1AAB90ADA843}.Debug|ARM64.ActiveCfg = Debug|Any CPU
		{BFB8AD18-8C6E-4B25-B4AA-1AAB90ADA843}.Debug|ARM64.Build.0 = Debug|Any CPU
		{BFB8AD18-8C6E-4B25-B4AA-1AAB90ADA843}.Debug|x86.ActiveCfg = Debug|Any CPU
		{BFB8AD18-8C6E-4B25-B4AA-1AAB90ADA843}.Debug|x86.Build.0 = Debug|Any CPU
		{BFB8AD18-8C6E-4B25-B4AA-1AAB90ADA843}.Release|Any CPU.ActiveCfg = Release|Any CPU
		{BFB8AD18-8C6E-4B25-B4AA-1AAB90ADA843}.Release|Any CPU.Build.0 = Release|Any CPU
		{BFB8AD18-8C6E-4B25-B4AA-1AAB90ADA843}.Release|ARM64.ActiveCfg = Release|Any CPU
		{BFB8AD18-8C6E-4B25-B4AA-1AAB90ADA843}.Release|ARM64.Build.0 = Release|Any CPU
		{BFB8AD18-8C6E-4B25-B4AA-1AAB90ADA843}.Release|x86.ActiveCfg = Release|Any CPU
		{BFB8AD18-8C6E-4B25-B4AA-1AAB90ADA843}.Release|x86.Build.0 = Release|Any CPU
		{AF84AA51-8718-40EC-B5D7-281799A7B07C}.Debug|Any CPU.ActiveCfg = Debug|Any CPU
		{AF84AA51-8718-40EC-B5D7-281799A7B07C}.Debug|Any CPU.Build.0 = Debug|Any CPU
		{AF84AA51-8718-40EC-B5D7-281799A7B07C}.Debug|ARM64.ActiveCfg = Debug|Any CPU
		{AF84AA51-8718-40EC-B5D7-281799A7B07C}.Debug|ARM64.Build.0 = Debug|Any CPU
		{AF84AA51-8718-40EC-B5D7-281799A7B07C}.Debug|x86.ActiveCfg = Debug|Any CPU
		{AF84AA51-8718-40EC-B5D7-281799A7B07C}.Debug|x86.Build.0 = Debug|Any CPU
		{AF84AA51-8718-40EC-B5D7-281799A7B07C}.Release|Any CPU.ActiveCfg = Release|Any CPU
		{AF84AA51-8718-40EC-B5D7-281799A7B07C}.Release|Any CPU.Build.0 = Release|Any CPU
		{AF84AA51-8718-40EC-B5D7-281799A7B07C}.Release|ARM64.ActiveCfg = Release|Any CPU
		{AF84AA51-8718-40EC-B5D7-281799A7B07C}.Release|ARM64.Build.0 = Release|Any CPU
		{AF84AA51-8718-40EC-B5D7-281799A7B07C}.Release|x86.ActiveCfg = Release|Any CPU
		{AF84AA51-8718-40EC-B5D7-281799A7B07C}.Release|x86.Build.0 = Release|Any CPU
		{7CC816B7-8559-461D-A5E6-5CE1B6DCA9BC}.Debug|Any CPU.ActiveCfg = Debug|Any CPU
		{7CC816B7-8559-461D-A5E6-5CE1B6DCA9BC}.Debug|Any CPU.Build.0 = Debug|Any CPU
		{7CC816B7-8559-461D-A5E6-5CE1B6DCA9BC}.Debug|ARM64.ActiveCfg = Debug|Any CPU
		{7CC816B7-8559-461D-A5E6-5CE1B6DCA9BC}.Debug|ARM64.Build.0 = Debug|Any CPU
		{7CC816B7-8559-461D-A5E6-5CE1B6DCA9BC}.Debug|x86.ActiveCfg = Debug|Any CPU
		{7CC816B7-8559-461D-A5E6-5CE1B6DCA9BC}.Debug|x86.Build.0 = Debug|Any CPU
		{7CC816B7-8559-461D-A5E6-5CE1B6DCA9BC}.Release|Any CPU.ActiveCfg = Release|Any CPU
		{7CC816B7-8559-461D-A5E6-5CE1B6DCA9BC}.Release|Any CPU.Build.0 = Release|Any CPU
		{7CC816B7-8559-461D-A5E6-5CE1B6DCA9BC}.Release|ARM64.ActiveCfg = Release|Any CPU
		{7CC816B7-8559-461D-A5E6-5CE1B6DCA9BC}.Release|ARM64.Build.0 = Release|Any CPU
		{7CC816B7-8559-461D-A5E6-5CE1B6DCA9BC}.Release|x86.ActiveCfg = Release|Any CPU
		{7CC816B7-8559-461D-A5E6-5CE1B6DCA9BC}.Release|x86.Build.0 = Release|Any CPU
		{6329F2A4-CB21-42A2-B8EF-205A465D9377}.Debug|Any CPU.ActiveCfg = Debug|Any CPU
		{6329F2A4-CB21-42A2-B8EF-205A465D9377}.Debug|Any CPU.Build.0 = Debug|Any CPU
		{6329F2A4-CB21-42A2-B8EF-205A465D9377}.Debug|ARM64.ActiveCfg = Debug|Any CPU
		{6329F2A4-CB21-42A2-B8EF-205A465D9377}.Debug|ARM64.Build.0 = Debug|Any CPU
		{6329F2A4-CB21-42A2-B8EF-205A465D9377}.Debug|x86.ActiveCfg = Debug|Any CPU
		{6329F2A4-CB21-42A2-B8EF-205A465D9377}.Debug|x86.Build.0 = Debug|Any CPU
		{6329F2A4-CB21-42A2-B8EF-205A465D9377}.Release|Any CPU.ActiveCfg = Release|Any CPU
		{6329F2A4-CB21-42A2-B8EF-205A465D9377}.Release|Any CPU.Build.0 = Release|Any CPU
		{6329F2A4-CB21-42A2-B8EF-205A465D9377}.Release|ARM64.ActiveCfg = Release|Any CPU
		{6329F2A4-CB21-42A2-B8EF-205A465D9377}.Release|ARM64.Build.0 = Release|Any CPU
		{6329F2A4-CB21-42A2-B8EF-205A465D9377}.Release|x86.ActiveCfg = Release|Any CPU
		{6329F2A4-CB21-42A2-B8EF-205A465D9377}.Release|x86.Build.0 = Release|Any CPU
		{6AE28B59-221B-4E3D-A66C-E255B26DAC92}.Debug|Any CPU.ActiveCfg = Debug|Any CPU
		{6AE28B59-221B-4E3D-A66C-E255B26DAC92}.Debug|ARM64.ActiveCfg = Debug|Any CPU
		{6AE28B59-221B-4E3D-A66C-E255B26DAC92}.Debug|x86.ActiveCfg = Debug|Any CPU
		{6AE28B59-221B-4E3D-A66C-E255B26DAC92}.Release|Any CPU.ActiveCfg = Release|Any CPU
		{6AE28B59-221B-4E3D-A66C-E255B26DAC92}.Release|ARM64.ActiveCfg = Release|Any CPU
		{6AE28B59-221B-4E3D-A66C-E255B26DAC92}.Release|x86.ActiveCfg = Release|Any CPU
		{1DB03AEC-8318-4F36-9A4B-FCC5BE00A029}.Debug|Any CPU.ActiveCfg = Debug|Any CPU
		{1DB03AEC-8318-4F36-9A4B-FCC5BE00A029}.Debug|Any CPU.Build.0 = Debug|Any CPU
		{1DB03AEC-8318-4F36-9A4B-FCC5BE00A029}.Debug|ARM64.ActiveCfg = Debug|Any CPU
		{1DB03AEC-8318-4F36-9A4B-FCC5BE00A029}.Debug|ARM64.Build.0 = Debug|Any CPU
		{1DB03AEC-8318-4F36-9A4B-FCC5BE00A029}.Debug|x86.ActiveCfg = Debug|Any CPU
		{1DB03AEC-8318-4F36-9A4B-FCC5BE00A029}.Debug|x86.Build.0 = Debug|Any CPU
		{1DB03AEC-8318-4F36-9A4B-FCC5BE00A029}.Release|Any CPU.ActiveCfg = Release|Any CPU
		{1DB03AEC-8318-4F36-9A4B-FCC5BE00A029}.Release|Any CPU.Build.0 = Release|Any CPU
		{1DB03AEC-8318-4F36-9A4B-FCC5BE00A029}.Release|ARM64.ActiveCfg = Release|Any CPU
		{1DB03AEC-8318-4F36-9A4B-FCC5BE00A029}.Release|ARM64.Build.0 = Release|Any CPU
		{1DB03AEC-8318-4F36-9A4B-FCC5BE00A029}.Release|x86.ActiveCfg = Release|Any CPU
		{1DB03AEC-8318-4F36-9A4B-FCC5BE00A029}.Release|x86.Build.0 = Release|Any CPU
		{C2500118-FD99-49EF-B726-3E2A3B30A717}.Debug|Any CPU.ActiveCfg = Debug|Any CPU
		{C2500118-FD99-49EF-B726-3E2A3B30A717}.Debug|ARM64.ActiveCfg = Debug|Any CPU
		{C2500118-FD99-49EF-B726-3E2A3B30A717}.Debug|x86.ActiveCfg = Debug|Any CPU
		{C2500118-FD99-49EF-B726-3E2A3B30A717}.Release|Any CPU.ActiveCfg = Release|Any CPU
		{C2500118-FD99-49EF-B726-3E2A3B30A717}.Release|ARM64.ActiveCfg = Release|Any CPU
		{C2500118-FD99-49EF-B726-3E2A3B30A717}.Release|x86.ActiveCfg = Release|Any CPU
		{25750BF1-1502-4F65-8D69-CEA8C87D6446}.Debug|Any CPU.ActiveCfg = Debug|Any CPU
		{25750BF1-1502-4F65-8D69-CEA8C87D6446}.Debug|ARM64.ActiveCfg = Debug|Any CPU
		{25750BF1-1502-4F65-8D69-CEA8C87D6446}.Debug|x86.ActiveCfg = Debug|Any CPU
		{25750BF1-1502-4F65-8D69-CEA8C87D6446}.Release|Any CPU.ActiveCfg = Release|Any CPU
		{25750BF1-1502-4F65-8D69-CEA8C87D6446}.Release|ARM64.ActiveCfg = Release|Any CPU
		{25750BF1-1502-4F65-8D69-CEA8C87D6446}.Release|x86.ActiveCfg = Release|Any CPU
		{534DE25D-0CDB-40FA-9FA5-915947FFC948}.Debug|Any CPU.ActiveCfg = Debug|Any CPU
		{534DE25D-0CDB-40FA-9FA5-915947FFC948}.Debug|Any CPU.Build.0 = Debug|Any CPU
		{534DE25D-0CDB-40FA-9FA5-915947FFC948}.Debug|ARM64.ActiveCfg = Debug|Any CPU
		{534DE25D-0CDB-40FA-9FA5-915947FFC948}.Debug|ARM64.Build.0 = Debug|Any CPU
		{534DE25D-0CDB-40FA-9FA5-915947FFC948}.Debug|x86.ActiveCfg = Debug|Any CPU
		{534DE25D-0CDB-40FA-9FA5-915947FFC948}.Debug|x86.Build.0 = Debug|Any CPU
		{534DE25D-0CDB-40FA-9FA5-915947FFC948}.Release|Any CPU.ActiveCfg = Release|Any CPU
		{534DE25D-0CDB-40FA-9FA5-915947FFC948}.Release|Any CPU.Build.0 = Release|Any CPU
		{534DE25D-0CDB-40FA-9FA5-915947FFC948}.Release|ARM64.ActiveCfg = Release|Any CPU
		{534DE25D-0CDB-40FA-9FA5-915947FFC948}.Release|ARM64.Build.0 = Release|Any CPU
		{534DE25D-0CDB-40FA-9FA5-915947FFC948}.Release|x86.ActiveCfg = Release|Any CPU
		{534DE25D-0CDB-40FA-9FA5-915947FFC948}.Release|x86.Build.0 = Release|Any CPU
	EndGlobalSection
	GlobalSection(SolutionProperties) = preSolution
		HideSolutionNode = FALSE
	EndGlobalSection
	GlobalSection(NestedProjects) = preSolution
		{7F18EB64-C857-49C4-9380-70D3CCE6242B} = {A8B76501-496A-4011-9C37-8308A1EBDFA7}
		{3A860CDD-94B9-4002-BA08-87E8822DDE50} = {5FBE5A09-30BA-4697-8069-443BE5294424}
		{1912618E-7942-4BB0-BC2B-7F48A38D1049} = {5FBE5A09-30BA-4697-8069-443BE5294424}
		{B10B59B5-9F63-41C2-BFBB-6C7311DC4E99} = {7F18EB64-C857-49C4-9380-70D3CCE6242B}
		{CB26AB5B-DB85-4A59-A3AE-FA55A35D05B0} = {3A860CDD-94B9-4002-BA08-87E8822DDE50}
		{FF0C329F-41E8-4540-BCDB-97690911077D} = {A8B76501-496A-4011-9C37-8308A1EBDFA7}
		{D320EA6C-2388-41F7-A4D1-980192665A61} = {B10B59B5-9F63-41C2-BFBB-6C7311DC4E99}
		{C5CC1B6F-14B1-41C1-A2F3-164B37BDCC0C} = {B10B59B5-9F63-41C2-BFBB-6C7311DC4E99}
		{49530738-22E7-4D2C-88FD-B20B68BF3A75} = {B10B59B5-9F63-41C2-BFBB-6C7311DC4E99}
		{FB31D291-AB9E-43E7-B92D-DBE33F6DD65A} = {B10B59B5-9F63-41C2-BFBB-6C7311DC4E99}
		{C2EFFA0A-E8EA-4AFE-8599-FC28CB7864FB} = {B10B59B5-9F63-41C2-BFBB-6C7311DC4E99}
		{4ED567B5-C28D-48BB-AEDC-864E2B2C7204} = {B10B59B5-9F63-41C2-BFBB-6C7311DC4E99}
		{031F17E0-BE84-42AF-B9FE-4F928CB03D1B} = {D982BD8C-2257-413B-8513-8043AB3035F3}
		{37533562-EC4C-4FB4-8C42-FE327D1D79BD} = {5FBE5A09-30BA-4697-8069-443BE5294424}
		{1C7E0F81-1F4A-478B-80CE-4C41606DC087} = {A8B76501-496A-4011-9C37-8308A1EBDFA7}
		{F7056ECA-1C9C-4544-99CA-731C944651D6} = {FF0C329F-41E8-4540-BCDB-97690911077D}
		{B6A1D372-264E-4F66-B7FB-7FF19587476E} = {FF0C329F-41E8-4540-BCDB-97690911077D}
		{F682C5F9-854F-4B4E-A7DE-33329F51A26B} = {1C7E0F81-1F4A-478B-80CE-4C41606DC087}
		{B6A1D372-264E-4F66-B7FB-7FF19587476F} = {1C7E0F81-1F4A-478B-80CE-4C41606DC087}
		{BFB8AD18-8C6E-4B25-B4AA-1AAB90ADA843} = {A8B76501-496A-4011-9C37-8308A1EBDFA7}
		{2A2CB97D-0086-4891-AFA1-198F414E3562} = {50CC79E9-A9D5-4A10-AA2F-4FE588BA26F5}
		{AF84AA51-8718-40EC-B5D7-281799A7B07C} = {6E979D95-48F4-4902-A708-9C9AFC3430BD}
		{5FBE5A09-30BA-4697-8069-443BE5294424} = {7F18EB64-C857-49C4-9380-70D3CCE6242B}
		{7FA847EE-CB4B-4C79-A774-4FFDB7313638} = {7F18EB64-C857-49C4-9380-70D3CCE6242B}
		{7CC816B7-8559-461D-A5E6-5CE1B6DCA9BC} = {7FA847EE-CB4B-4C79-A774-4FFDB7313638}
		{6329F2A4-CB21-42A2-B8EF-205A465D9377} = {7FA847EE-CB4B-4C79-A774-4FFDB7313638}
		{6AE28B59-221B-4E3D-A66C-E255B26DAC92} = {7FA847EE-CB4B-4C79-A774-4FFDB7313638}
		{1DB03AEC-8318-4F36-9A4B-FCC5BE00A029} = {1912618E-7942-4BB0-BC2B-7F48A38D1049}
		{C2500118-FD99-49EF-B726-3E2A3B30A717} = {37533562-EC4C-4FB4-8C42-FE327D1D79BD}
		{25750BF1-1502-4F65-8D69-CEA8C87D6446} = {37533562-EC4C-4FB4-8C42-FE327D1D79BD}
		{534DE25D-0CDB-40FA-9FA5-915947FFC948} = {D982BD8C-2257-413B-8513-8043AB3035F3}
		{BB5A0479-7ED8-4348-9C84-A712692E98DB} = {03695052-B42B-4672-801E-8DA4A2DA121D}
		{A80A9448-3DF5-4FDA-8D12-5B2A8ECDC482} = {03695052-B42B-4672-801E-8DA4A2DA121D}
		{14F997E3-5D56-4610-AC3D-7838DCB3B2AB} = {50CC79E9-A9D5-4A10-AA2F-4FE588BA26F5}
		{10FEC849-0DE2-45A1-BA63-C3CD0AA7DD2A} = {50CC79E9-A9D5-4A10-AA2F-4FE588BA26F5}
		{6BB8FD23-9042-4E05-AF31-D8C167EEEFD3} = {50CC79E9-A9D5-4A10-AA2F-4FE588BA26F5}
	EndGlobalSection
	GlobalSection(ExtensibilityGlobals) = postSolution
		SolutionGuid = {83740BD9-AEEF-49C7-A722-D7703D3A38CB}
	EndGlobalSection
EndGlobal
